PODS:
  - Answers (1.4.0):
    - Fabric (~> 1.8.0)
  - cdebug (1.2)
  - Crashlytics (3.11.1):
    - Fabric (~> 1.8.1)
  - Fabric (1.8.2)
  - FoundationExtension (1.3.1):
    - cdebug (~> 1.1)
    - FoundationExtension/CocoaExtension (= 1.3.1)
    - FoundationExtension/FoundationExtension (= 1.3.1)
    - FoundationExtension/FoundationExtensionRC (= 1.3.1)
    - FoundationExtension/UIKitExtension (= 1.3.1)
  - FoundationExtension/CocoaExtension (1.3.1):
    - cdebug (~> 1.1)
    - FoundationExtension/FoundationExtension
  - FoundationExtension/FoundationExtension (1.3.1):
    - cdebug (~> 1.1)
    - FoundationExtension/FoundationExtensionRC
  - FoundationExtension/FoundationExtensionRC (1.3.1):
    - cdebug (~> 1.1)
  - FoundationExtension/UIKitExtension (1.3.1):
    - cdebug (~> 1.1)
    - FoundationExtension/FoundationExtension
  - GlobalActivityIndicatorView (0.1.1):
    - cdebug (~> 1.0)
  - GoogleMobileAds (7.8.0)
  - MASShortcut (2.3.6)

DEPENDENCIES:
  - Answers
  - cdebug
  - Crashlytics
  - Fabric
  - FoundationExtension (~> 1.3.1)
  - GlobalActivityIndicatorView (>= 0.1.1)
  - GoogleMobileAds
  - MASShortcut

SPEC REPOS:
  https://github.com/cocoapods/specs.git:
    - Answers
    - cdebug
    - Crashlytics
    - Fabric
    - FoundationExtension
    - GlobalActivityIndicatorView
    - GoogleMobileAds
    - MASShortcut

SPEC CHECKSUMS:
  Answers: e7317ccd30e7bf55c3bacfe28adbe2304b082e49
  cdebug: 55a96da647360590f0d292baebb34c4066cbca02
  Crashlytics: ca7ab4bc304aa216bdc2e4c1a96389ee77252203
  Fabric: d2b22f443ba195d8a7cc204da230977c72733b40
  FoundationExtension: 2dd5b23bc43f44da58e4592655dc86888cd46ea9
  GlobalActivityIndicatorView: 012695aa501b1476325b2076f522cc61c539ed04
  GoogleMobileAds: c79931d6eef16b1e4c35d331cf23c47e0dd490d2
  MASShortcut: 9c215e8a8a78f3d01ce56da48e2730ab66b538fa

PODFILE CHECKSUM: e9011dad88b8f024f9588a50320b15a422ae2189

COCOAPODS: 1.6.0.beta.2
