// !$*UTF8*$!
{
	archiveVersion = 1;
	classes = {
	};
	objectVersion = 46;
	objects = {

/* Begin PBXAggregateTarget section */
		38E9024821344637005DF76A /* ScriptSupport */ = {
			isa = PBXAggregateTarget;
			buildConfigurationList = 38E9024D21344637005DF76A /* Build configuration list for PBXAggregateTarget "ScriptSupport" */;
			buildPhases = (
				382AF2C12156269F00701F90 /* Generate Version.xcconfig */,
				38E9024E21344640005DF76A /* Print environment variables */,
			);
			dependencies = (
			);
			name = ScriptSupport;
			productName = ScriptSupport;
		};
/* End PBXAggregateTarget section */

/* Begin PBXBuildFile section */
		38098F0A215A3DB30001F159 /* Assets.xcassets in Resources */ = {isa = PBXBuildFile; fileRef = 38098F09215A3DB30001F159 /* Assets.xcassets */; };
		381228DB208D869B00BB7D5D /* GureumConfiguration.swift in Sources */ = {isa = PBXBuildFile; fileRef = 38C2AE4C208795E700FE211A /* GureumConfiguration.swift */; };
		38162DF5141263270077AA2D /* Cocoa.framework in Frameworks */ = {isa = PBXBuildFile; fileRef = 38863C63140E64EB00A8ED76 /* Cocoa.framework */; };
		38162DFB141263280077AA2D /* InfoPlist.strings in Resources */ = {isa = PBXBuildFile; fileRef = 38162DF9141263280077AA2D /* InfoPlist.strings */; };
		38162E0E141264EB0077AA2D /* CIMInputHandler.m in Sources */ = {isa = PBXBuildFile; fileRef = 38863D30140F282000A8ED76 /* CIMInputHandler.m */; };
		38162E0F141264EB0077AA2D /* HanjaComposer.m in Sources */ = {isa = PBXBuildFile; fileRef = 38162D7B140F64B70077AA2D /* HanjaComposer.m */; };
		38162E1514126ACE0077AA2D /* CIMComposer.m in Sources */ = {isa = PBXBuildFile; fileRef = 38162E1314126ACE0077AA2D /* CIMComposer.m */; };
		38162E4814128A740077AA2D /* MainMenu.xib in Resources */ = {isa = PBXBuildFile; fileRef = 38162E4914128A740077AA2D /* MainMenu.xib */; };
		381CA2EF1FCE16EA00DDB81D /* Preferences.swift in Sources */ = {isa = PBXBuildFile; fileRef = 381CA2EE1FCE16EA00DDB81D /* Preferences.swift */; };
		381CA2F11FCE208A00DDB81D /* Example.png in Resources */ = {isa = PBXBuildFile; fileRef = 381CA2F01FCE208A00DDB81D /* Example.png */; };
		382E686D1A1314D900031D1D /* Preferences.tiff in Resources */ = {isa = PBXBuildFile; fileRef = 382E686C1A1314D900031D1D /* Preferences.tiff */; };
		382E68701A1314D900031D1D /* Preferences.xib in Resources */ = {isa = PBXBuildFile; fileRef = 382E686E1A1314D900031D1D /* Preferences.xib */; };
		382E68761A13156700031D1D /* Preferences.prefPane in Resources */ = {isa = PBXBuildFile; fileRef = 382E68641A1314D900031D1D /* Preferences.prefPane */; };
		3835B5251F5DAB5E00896BEC /* all.txt in Copy Hanja Files */ = {isa = PBXBuildFile; fileRef = 3835B4E51F5DAA7100896BEC /* all.txt */; };
		3835B5261F5DAB5E00896BEC /* emoticon.txt in Copy Hanja Files */ = {isa = PBXBuildFile; fileRef = 3835B4E71F5DAA7100896BEC /* emoticon.txt */; };
		3835B5271F5DAB5E00896BEC /* emoticonr.txt in Copy Hanja Files */ = {isa = PBXBuildFile; fileRef = 3835B4E81F5DAA7100896BEC /* emoticonr.txt */; };
		3835B5281F5DAB5E00896BEC /* hanjac.txt in Copy Hanja Files */ = {isa = PBXBuildFile; fileRef = 3835B4EC1F5DAA7100896BEC /* hanjac.txt */; };
		3835B5291F5DAB5E00896BEC /* hanjar.txt in Copy Hanja Files */ = {isa = PBXBuildFile; fileRef = 3835B4ED1F5DAA7100896BEC /* hanjar.txt */; };
		3835B52A1F5DAB5E00896BEC /* hanjaw.txt in Copy Hanja Files */ = {isa = PBXBuildFile; fileRef = 3835B4EE1F5DAA7100896BEC /* hanjaw.txt */; };
		3835B52D1F5DABAF00896BEC /* hanja.txt in Copy Hanja Files */ = {isa = PBXBuildFile; fileRef = 3835B52B1F5DAB9600896BEC /* hanja.txt */; };
		3835B52E1F5DABB400896BEC /* mssymbol.txt in Copy Hanja Files */ = {isa = PBXBuildFile; fileRef = 3835B52C1F5DABA400896BEC /* mssymbol.txt */; };
		3835B52F1F5DABCA00896BEC /* hangul-combination-3gc.xml in Copy Keyboards Files */ = {isa = PBXBuildFile; fileRef = 3835B4F51F5DAA7100896BEC /* hangul-combination-3gc.xml */; };
		3835B5301F5DABCA00896BEC /* hangul-combination-3gs.xml in Copy Keyboards Files */ = {isa = PBXBuildFile; fileRef = 3835B4F61F5DAA7100896BEC /* hangul-combination-3gs.xml */; };
		3835B5311F5DABCA00896BEC /* hangul-keyboard-2.xml in Copy Keyboards Files */ = {isa = PBXBuildFile; fileRef = 3835B4F71F5DAA7100896BEC /* hangul-keyboard-2.xml */; };
		3835B5321F5DABCA00896BEC /* hangul-keyboard-2y.xml in Copy Keyboards Files */ = {isa = PBXBuildFile; fileRef = 3835B4F81F5DAA7100896BEC /* hangul-keyboard-2y.xml */; };
		3835B5331F5DABCA00896BEC /* hangul-keyboard-32.xml in Copy Keyboards Files */ = {isa = PBXBuildFile; fileRef = 3835B4F91F5DAA7100896BEC /* hangul-keyboard-32.xml */; };
		3835B5341F5DABCA00896BEC /* hangul-keyboard-39.xml in Copy Keyboards Files */ = {isa = PBXBuildFile; fileRef = 3835B4FA1F5DAA7100896BEC /* hangul-keyboard-39.xml */; };
		3835B5351F5DABCA00896BEC /* hangul-keyboard-39s.xml in Copy Keyboards Files */ = {isa = PBXBuildFile; fileRef = 3835B4FB1F5DAA7100896BEC /* hangul-keyboard-39s.xml */; };
		3835B5361F5DABCA00896BEC /* hangul-keyboard-3f.xml in Copy Keyboards Files */ = {isa = PBXBuildFile; fileRef = 3835B4FC1F5DAA7100896BEC /* hangul-keyboard-3f.xml */; };
		3835B5371F5DABCA00896BEC /* hangul-keyboard-3fs.xml in Copy Keyboards Files */ = {isa = PBXBuildFile; fileRef = 3835B4FD1F5DAA7100896BEC /* hangul-keyboard-3fs.xml */; };
		3835B5381F5DABCA00896BEC /* hangul-keyboard-3gc.xml in Copy Keyboards Files */ = {isa = PBXBuildFile; fileRef = 3835B4FE1F5DAA7100896BEC /* hangul-keyboard-3gc.xml */; };
		3835B5391F5DABCA00896BEC /* hangul-keyboard-3gs.xml in Copy Keyboards Files */ = {isa = PBXBuildFile; fileRef = 3835B4FF1F5DAA7100896BEC /* hangul-keyboard-3gs.xml */; };
		3835B53A1F5DABCA00896BEC /* hangul-keyboard-3s.xml in Copy Keyboards Files */ = {isa = PBXBuildFile; fileRef = 3835B5001F5DAA7100896BEC /* hangul-keyboard-3s.xml */; };
		3835B53B1F5DABCA00896BEC /* hangul-keyboard-3y.xml in Copy Keyboards Files */ = {isa = PBXBuildFile; fileRef = 3835B5011F5DAA7100896BEC /* hangul-keyboard-3y.xml */; };
		3835B53C1F5DABCA00896BEC /* hangul-keyboard-ahn.xml in Copy Keyboards Files */ = {isa = PBXBuildFile; fileRef = 3835B5021F5DAA7100896BEC /* hangul-keyboard-ahn.xml */; };
		3835B53D1F5DABCA00896BEC /* hangul-keyboard-ro.xml in Copy Keyboards Files */ = {isa = PBXBuildFile; fileRef = 3835B5031F5DAA7100896BEC /* hangul-keyboard-ro.xml */; };
		3835B5421F5DAC4400896BEC /* hangul-combination-3f.xml in Copy Keyboards Files */ = {isa = PBXBuildFile; fileRef = 3835B53E1F5DAC3500896BEC /* hangul-combination-3f.xml */; };
		3835B5431F5DAC4400896BEC /* hangul-combination-39.xml in Copy Keyboards Files */ = {isa = PBXBuildFile; fileRef = 3835B53F1F5DAC3500896BEC /* hangul-combination-39.xml */; };
		3835B5441F5DAC4400896BEC /* hangul-combination-default.xml in Copy Keyboards Files */ = {isa = PBXBuildFile; fileRef = 3835B5401F5DAC3500896BEC /* hangul-combination-default.xml */; };
		3835B5451F5DAC4400896BEC /* hangul-combination-full.xml in Copy Keyboards Files */ = {isa = PBXBuildFile; fileRef = 3835B5411F5DAC3500896BEC /* hangul-combination-full.xml */; };
		38531F431B0E7E7C00E2C16D /* Security.framework in Frameworks */ = {isa = PBXBuildFile; fileRef = 38531F3D1B0E7E7C00E2C16D /* Security.framework */; };
		38531F441B0E7E7C00E2C16D /* SystemConfiguration.framework in Frameworks */ = {isa = PBXBuildFile; fileRef = 38531F3E1B0E7E7C00E2C16D /* SystemConfiguration.framework */; };
		38699DC21F36191500FD093E /* RomanComposer.swift in Sources */ = {isa = PBXBuildFile; fileRef = 38C75C8B1F153A74004BE02A /* RomanComposer.swift */; };
		386ECB8221537DE70060D9BE /* AppDelegate.swift in Sources */ = {isa = PBXBuildFile; fileRef = 386ECB8121537DE70060D9BE /* AppDelegate.swift */; };
		386ECB8421537DE70060D9BE /* TestWindowController.swift in Sources */ = {isa = PBXBuildFile; fileRef = 386ECB8321537DE70060D9BE /* TestWindowController.swift */; };
		386ECB8621537DEA0060D9BE /* Assets.xcassets in Resources */ = {isa = PBXBuildFile; fileRef = 386ECB8521537DEA0060D9BE /* Assets.xcassets */; };
		386ECB8921537DEA0060D9BE /* Main.storyboard in Resources */ = {isa = PBXBuildFile; fileRef = 386ECB8721537DEA0060D9BE /* Main.storyboard */; };
		386ECBB1215385720060D9BE /* InfoPlist.strings in Resources */ = {isa = PBXBuildFile; fileRef = 38162DF9141263280077AA2D /* InfoPlist.strings */; };
		387A47461688419800EB5943 /* CIMCommon.m in Sources */ = {isa = PBXBuildFile; fileRef = 387A47441688415500EB5943 /* CIMCommon.m */; };
		388534FD213A740600885C87 /* IOKitUtility.swift in Sources */ = {isa = PBXBuildFile; fileRef = 388534FC213A740600885C87 /* IOKitUtility.swift */; };
		388E2A611469249700ADBDA5 /* Hangul.strings in Resources */ = {isa = PBXBuildFile; fileRef = 388E2A601469249700ADBDA5 /* Hangul.strings */; };
		38946A6B19F4F3FD00920E09 /* InputMethodKit.framework in Frameworks */ = {isa = PBXBuildFile; fileRef = 38946A6A19F4F3FD00920E09 /* InputMethodKit.framework */; };
		389A39ED142356E900A2ED88 /* Hangul.framework in Copy Frameworks */ = {isa = PBXBuildFile; fileRef = 389A387D1423477F00A2ED88 /* Hangul.framework */; settings = {ATTRIBUTES = (CodeSignOnCopy, ); }; };
		38BFE80218B45419004B2B2E /* InfoPlist.strings in Resources */ = {isa = PBXBuildFile; fileRef = 38BFE80018B45419004B2B2E /* InfoPlist.strings */; };
		38BFE80418B45419004B2B2E /* GureumTests.m in Sources */ = {isa = PBXBuildFile; fileRef = 38BFE80318B45419004B2B2E /* GureumTests.m */; settings = {COMPILER_FLAGS = "-fno-objc-arc"; }; };
		38BFE82118B4F181004B2B2E /* GureumMockObjects.m in Sources */ = {isa = PBXBuildFile; fileRef = 38BFE82018B4F181004B2B2E /* GureumMockObjects.m */; settings = {COMPILER_FLAGS = "-fno-objc-arc"; }; };
		38C2AE4D208795E700FE211A /* GureumConfiguration.swift in Sources */ = {isa = PBXBuildFile; fileRef = 38C2AE4C208795E700FE211A /* GureumConfiguration.swift */; };
		38D3E42B21213E9700751191 /* HangulComposer.swift in Sources */ = {isa = PBXBuildFile; fileRef = 38D3E42A21213E9700751191 /* HangulComposer.swift */; };
		38EE977619FFD65600AD19B8 /* Carbon.framework in Frameworks */ = {isa = PBXBuildFile; fileRef = 38EE977519FFD65600AD19B8 /* Carbon.framework */; };
		38EE977B1A00148D00AD19B8 /* TISInputSource.m in Sources */ = {isa = PBXBuildFile; fileRef = 38EE977A1A00148D00AD19B8 /* TISInputSource.m */; };
		38F85936215A926100CD80AE /* Hangul.framework in Frameworks */ = {isa = PBXBuildFile; fileRef = 389A387D1423477F00A2ED88 /* Hangul.framework */; };
		38F85961215BD27000CD80AE /* main.swift in Sources */ = {isa = PBXBuildFile; fileRef = 38F85960215BD27000CD80AE /* main.swift */; };
		38F85969215BF4BA00CD80AE /* Preferences.prefPane in Resources */ = {isa = PBXBuildFile; fileRef = 382E68641A1314D900031D1D /* Preferences.prefPane */; };
		38FA21DD14230E2E00444D67 /* CIMInputController.m in Sources */ = {isa = PBXBuildFile; fileRef = 38863C96140E669000A8ED76 /* CIMInputController.m */; };
		5BFD1CC577B7F0E1650E54BA /* Pods_Preferences.framework in Frameworks */ = {isa = PBXBuildFile; fileRef = 44C08D5450D78FCDA4226ECE /* Pods_Preferences.framework */; };
		878898012160AA6E00BF5770 /* CIMInputManager.swift in Sources */ = {isa = PBXBuildFile; fileRef = 871B807B2153DDFA0013EE69 /* CIMInputManager.swift */; };
		8FB2D1F50746B5A15A5617BE /* libPods-OSXTests.a in Frameworks */ = {isa = PBXBuildFile; fileRef = E73EDD6DBCA6CA17A1708BE5 /* libPods-OSXTests.a */; };
		A3BAAE0C2160C6FC0076C66D /* GureumTests.swift in Sources */ = {isa = PBXBuildFile; fileRef = A3BAAE062160C6970076C66D /* GureumTests.swift */; };
		B0DE8679435065D0866D2AAF /* Pods_PreferencesApp.framework in Frameworks */ = {isa = PBXBuildFile; fileRef = 4F10FF4A81E4501FB2F71251 /* Pods_PreferencesApp.framework */; };
		DAA59CC398282039EE3F4265 /* libPods-OSX.a in Frameworks */ = {isa = PBXBuildFile; fileRef = 057B3CD9EB092349BD540E8B /* libPods-OSX.a */; };
		E54B8382214299EB00527218 /* GureumComposer.swift in Sources */ = {isa = PBXBuildFile; fileRef = E54B8381214299EB00527218 /* GureumComposer.swift */; };
		E5A0EA0A2139098800D4AD69 /* GureumAppDelegate.swift in Sources */ = {isa = PBXBuildFile; fileRef = E5A0EA092139098800D4AD69 /* GureumAppDelegate.swift */; };
		E5BB72CD214A788100E35558 /* CIMInputController.swift in Sources */ = {isa = PBXBuildFile; fileRef = E5BB72CC214A788100E35558 /* CIMInputController.swift */; };
		E5D234EF2141260E00595FA0 /* CIMApplicationDelegate.swift in Sources */ = {isa = PBXBuildFile; fileRef = E5D234EE2141260E00595FA0 /* CIMApplicationDelegate.swift */; };
		E5ED2DE4213030B700BD9B13 /* CIMInputControllerGureum.swift in Sources */ = {isa = PBXBuildFile; fileRef = E5ED2DE3213030B700BD9B13 /* CIMInputControllerGureum.swift */; };
		FC158A0B213A847D00E4ABAC /* CIMBaseComposer.swift in Sources */ = {isa = PBXBuildFile; fileRef = FC158A0A213A847D00E4ABAC /* CIMBaseComposer.swift */; };
/* End PBXBuildFile section */

/* Begin PBXContainerItemProxy section */
		382707F11F57475400658B6B /* PBXContainerItemProxy */ = {
			isa = PBXContainerItemProxy;
			containerPortal = 38FA220114233FD900444D67 /* Hangul.xcodeproj */;
			proxyType = 2;
			remoteGlobalIDString = 382707E41F573F1D00658B6B;
			remoteInfo = HangulTests;
		};
		382AF2C92156284200701F90 /* PBXContainerItemProxy */ = {
			isa = PBXContainerItemProxy;
			containerPortal = 38863C50140E62D100A8ED76 /* Project object */;
			proxyType = 1;
			remoteGlobalIDString = 38E9024821344637005DF76A;
			remoteInfo = ScriptSupport;
		};
		382AF2CD2156284800701F90 /* PBXContainerItemProxy */ = {
			isa = PBXContainerItemProxy;
			containerPortal = 38863C50140E62D100A8ED76 /* Project object */;
			proxyType = 1;
			remoteGlobalIDString = 38E9024821344637005DF76A;
			remoteInfo = ScriptSupport;
		};
		382E68741A13153300031D1D /* PBXContainerItemProxy */ = {
			isa = PBXContainerItemProxy;
			containerPortal = 38863C50140E62D100A8ED76 /* Project object */;
			proxyType = 1;
			remoteGlobalIDString = 382E68631A1314D900031D1D;
			remoteInfo = Preferences;
		};
		389A387C1423477F00A2ED88 /* PBXContainerItemProxy */ = {
			isa = PBXContainerItemProxy;
			containerPortal = 38FA220114233FD900444D67 /* Hangul.xcodeproj */;
			proxyType = 2;
			remoteGlobalIDString = 38FA21EC1423219E00444D67;
			remoteInfo = Hangul;
		};
		389A387E1423477F00A2ED88 /* PBXContainerItemProxy */ = {
			isa = PBXContainerItemProxy;
			containerPortal = 38FA220114233FD900444D67 /* Hangul.xcodeproj */;
			proxyType = 2;
			remoteGlobalIDString = 3890A8BE1423245500067337;
			remoteInfo = hangul;
		};
		389A398314234B5600A2ED88 /* PBXContainerItemProxy */ = {
			isa = PBXContainerItemProxy;
			containerPortal = 38FA220114233FD900444D67 /* Hangul.xcodeproj */;
			proxyType = 1;
			remoteGlobalIDString = 38F858E2215A8B2200CD80AE;
			remoteInfo = Hangul;
		};
		38BFE80618B45419004B2B2E /* PBXContainerItemProxy */ = {
			isa = PBXContainerItemProxy;
			containerPortal = 38863C50140E62D100A8ED76 /* Project object */;
			proxyType = 1;
			remoteGlobalIDString = 38162DF2141263270077AA2D;
			remoteInfo = Gureum;
		};
		38F85967215BF4A600CD80AE /* PBXContainerItemProxy */ = {
			isa = PBXContainerItemProxy;
			containerPortal = 38863C50140E62D100A8ED76 /* Project object */;
			proxyType = 1;
			remoteGlobalIDString = 382E68631A1314D900031D1D;
			remoteInfo = Preferences;
		};
/* End PBXContainerItemProxy section */

/* Begin PBXCopyFilesBuildPhase section */
		3835B5231F5DAADF00896BEC /* Copy Hanja Files */ = {
			isa = PBXCopyFilesBuildPhase;
			buildActionMask = 2147483647;
			dstPath = hanja;
			dstSubfolderSpec = 7;
			files = (
				3835B52E1F5DABB400896BEC /* mssymbol.txt in Copy Hanja Files */,
				3835B52D1F5DABAF00896BEC /* hanja.txt in Copy Hanja Files */,
				3835B5251F5DAB5E00896BEC /* all.txt in Copy Hanja Files */,
				3835B5261F5DAB5E00896BEC /* emoticon.txt in Copy Hanja Files */,
				3835B5271F5DAB5E00896BEC /* emoticonr.txt in Copy Hanja Files */,
				3835B5281F5DAB5E00896BEC /* hanjac.txt in Copy Hanja Files */,
				3835B5291F5DAB5E00896BEC /* hanjar.txt in Copy Hanja Files */,
				3835B52A1F5DAB5E00896BEC /* hanjaw.txt in Copy Hanja Files */,
			);
			name = "Copy Hanja Files";
			runOnlyForDeploymentPostprocessing = 0;
		};
		3835B5241F5DAB2700896BEC /* Copy Keyboards Files */ = {
			isa = PBXCopyFilesBuildPhase;
			buildActionMask = 2147483647;
			dstPath = keyboards;
			dstSubfolderSpec = 7;
			files = (
				3835B5421F5DAC4400896BEC /* hangul-combination-3f.xml in Copy Keyboards Files */,
				3835B5431F5DAC4400896BEC /* hangul-combination-39.xml in Copy Keyboards Files */,
				3835B5441F5DAC4400896BEC /* hangul-combination-default.xml in Copy Keyboards Files */,
				3835B5451F5DAC4400896BEC /* hangul-combination-full.xml in Copy Keyboards Files */,
				3835B52F1F5DABCA00896BEC /* hangul-combination-3gc.xml in Copy Keyboards Files */,
				3835B5301F5DABCA00896BEC /* hangul-combination-3gs.xml in Copy Keyboards Files */,
				3835B5311F5DABCA00896BEC /* hangul-keyboard-2.xml in Copy Keyboards Files */,
				3835B5321F5DABCA00896BEC /* hangul-keyboard-2y.xml in Copy Keyboards Files */,
				3835B5331F5DABCA00896BEC /* hangul-keyboard-32.xml in Copy Keyboards Files */,
				3835B5341F5DABCA00896BEC /* hangul-keyboard-39.xml in Copy Keyboards Files */,
				3835B5351F5DABCA00896BEC /* hangul-keyboard-39s.xml in Copy Keyboards Files */,
				3835B5361F5DABCA00896BEC /* hangul-keyboard-3f.xml in Copy Keyboards Files */,
				3835B5371F5DABCA00896BEC /* hangul-keyboard-3fs.xml in Copy Keyboards Files */,
				3835B5381F5DABCA00896BEC /* hangul-keyboard-3gc.xml in Copy Keyboards Files */,
				3835B5391F5DABCA00896BEC /* hangul-keyboard-3gs.xml in Copy Keyboards Files */,
				3835B53A1F5DABCA00896BEC /* hangul-keyboard-3s.xml in Copy Keyboards Files */,
				3835B53B1F5DABCA00896BEC /* hangul-keyboard-3y.xml in Copy Keyboards Files */,
				3835B53C1F5DABCA00896BEC /* hangul-keyboard-ahn.xml in Copy Keyboards Files */,
				3835B53D1F5DABCA00896BEC /* hangul-keyboard-ro.xml in Copy Keyboards Files */,
			);
			name = "Copy Keyboards Files";
			runOnlyForDeploymentPostprocessing = 0;
		};
		387736EB1423561F00DE50D6 /* Copy Frameworks */ = {
			isa = PBXCopyFilesBuildPhase;
			buildActionMask = 2147483647;
			dstPath = "";
			dstSubfolderSpec = 10;
			files = (
				389A39ED142356E900A2ED88 /* Hangul.framework in Copy Frameworks */,
			);
			name = "Copy Frameworks";
			runOnlyForDeploymentPostprocessing = 0;
		};
/* End PBXCopyFilesBuildPhase section */

/* Begin PBXFileReference section */
		0130E800FFCE9947A2681B1A /* Pods-PreferencesApp.debug.xcconfig */ = {isa = PBXFileReference; includeInIndex = 1; lastKnownFileType = text.xcconfig; name = "Pods-PreferencesApp.debug.xcconfig"; path = "Pods/Target Support Files/Pods-PreferencesApp/Pods-PreferencesApp.debug.xcconfig"; sourceTree = "<group>"; };
		057B3CD9EB092349BD540E8B /* libPods-OSX.a */ = {isa = PBXFileReference; explicitFileType = archive.ar; includeInIndex = 0; path = "libPods-OSX.a"; sourceTree = BUILT_PRODUCTS_DIR; };
		38098F09215A3DB30001F159 /* Assets.xcassets */ = {isa = PBXFileReference; lastKnownFileType = folder.assetcatalog; path = Assets.xcassets; sourceTree = "<group>"; };
		38162D7A140F64B70077AA2D /* HanjaComposer.h */ = {isa = PBXFileReference; fileEncoding = 4; lastKnownFileType = sourcecode.c.h; path = HanjaComposer.h; sourceTree = "<group>"; };
		38162D7B140F64B70077AA2D /* HanjaComposer.m */ = {isa = PBXFileReference; fileEncoding = 4; lastKnownFileType = sourcecode.c.objc; path = HanjaComposer.m; sourceTree = "<group>"; };
		38162DCA1410A4A50077AA2D /* CIMComposer.h */ = {isa = PBXFileReference; fileEncoding = 4; lastKnownFileType = sourcecode.c.h; path = CIMComposer.h; sourceTree = "<group>"; };
		38162DCE1410A95A0077AA2D /* CIMCommon.h */ = {isa = PBXFileReference; fileEncoding = 4; lastKnownFileType = sourcecode.c.h; path = CIMCommon.h; sourceTree = "<group>"; };
		38162DF3141263270077AA2D /* Gureum.app */ = {isa = PBXFileReference; explicitFileType = wrapper.application; includeInIndex = 0; path = Gureum.app; sourceTree = BUILT_PRODUCTS_DIR; };
		38162DF8141263280077AA2D /* Info.plist */ = {isa = PBXFileReference; lastKnownFileType = text.plist.xml; path = Info.plist; sourceTree = "<group>"; };
		38162DFA141263280077AA2D /* en */ = {isa = PBXFileReference; lastKnownFileType = text.plist.strings; name = en; path = en.lproj/InfoPlist.strings; sourceTree = "<group>"; };
		38162DFC141263280077AA2D /* Prefix.pch */ = {isa = PBXFileReference; lastKnownFileType = sourcecode.c.h; path = Prefix.pch; sourceTree = "<group>"; };
		38162E1314126ACE0077AA2D /* CIMComposer.m */ = {isa = PBXFileReference; fileEncoding = 4; lastKnownFileType = sourcecode.c.objc; path = CIMComposer.m; sourceTree = "<group>"; };
		38162E451412866F0077AA2D /* ko */ = {isa = PBXFileReference; lastKnownFileType = text.plist.strings; name = ko; path = ko.lproj/InfoPlist.strings; sourceTree = "<group>"; };
		38162E4914128A740077AA2D /* MainMenu.xib */ = {isa = PBXFileReference; lastKnownFileType = file.xib; path = MainMenu.xib; sourceTree = "<group>"; };
		381B32731DA826B100EA1975 /* Bridge.h */ = {isa = PBXFileReference; lastKnownFileType = sourcecode.c.h; path = Bridge.h; sourceTree = "<group>"; };
		381CA2ED1FCE16EA00DDB81D /* Preferences-Bridging-Header.h */ = {isa = PBXFileReference; lastKnownFileType = sourcecode.c.h; path = "Preferences-Bridging-Header.h"; sourceTree = "<group>"; };
		381CA2EE1FCE16EA00DDB81D /* Preferences.swift */ = {isa = PBXFileReference; lastKnownFileType = sourcecode.swift; path = Preferences.swift; sourceTree = "<group>"; };
		381CA2F01FCE208A00DDB81D /* Example.png */ = {isa = PBXFileReference; lastKnownFileType = image.png; path = Example.png; sourceTree = "<group>"; };
		382AF2DC21563C0600701F90 /* PreferencesApp-Bridging-Header.h */ = {isa = PBXFileReference; lastKnownFileType = sourcecode.c.h; path = "PreferencesApp-Bridging-Header.h"; sourceTree = "<group>"; };
		382E68641A1314D900031D1D /* Preferences.prefPane */ = {isa = PBXFileReference; explicitFileType = wrapper.cfbundle; includeInIndex = 0; path = Preferences.prefPane; sourceTree = BUILT_PRODUCTS_DIR; };
		382E68671A1314D900031D1D /* Info.plist */ = {isa = PBXFileReference; lastKnownFileType = text.plist.xml; path = Info.plist; sourceTree = "<group>"; };
		382E686C1A1314D900031D1D /* Preferences.tiff */ = {isa = PBXFileReference; lastKnownFileType = image.tiff; path = Preferences.tiff; sourceTree = "<group>"; };
		382E686F1A1314D900031D1D /* Base */ = {isa = PBXFileReference; lastKnownFileType = file.xib; name = Base; path = Base.lproj/Preferences.xib; sourceTree = "<group>"; };
		3835B4E51F5DAA7100896BEC /* all.txt */ = {isa = PBXFileReference; fileEncoding = 4; lastKnownFileType = text; path = all.txt; sourceTree = "<group>"; };
		3835B4E71F5DAA7100896BEC /* emoticon.txt */ = {isa = PBXFileReference; fileEncoding = 4; lastKnownFileType = text; path = emoticon.txt; sourceTree = "<group>"; };
		3835B4E81F5DAA7100896BEC /* emoticonr.txt */ = {isa = PBXFileReference; fileEncoding = 4; lastKnownFileType = text; path = emoticonr.txt; sourceTree = "<group>"; };
		3835B4EC1F5DAA7100896BEC /* hanjac.txt */ = {isa = PBXFileReference; fileEncoding = 4; lastKnownFileType = text; path = hanjac.txt; sourceTree = "<group>"; };
		3835B4ED1F5DAA7100896BEC /* hanjar.txt */ = {isa = PBXFileReference; fileEncoding = 4; lastKnownFileType = text; path = hanjar.txt; sourceTree = "<group>"; };
		3835B4EE1F5DAA7100896BEC /* hanjaw.txt */ = {isa = PBXFileReference; fileEncoding = 4; lastKnownFileType = text; path = hanjaw.txt; sourceTree = "<group>"; };
		3835B4F51F5DAA7100896BEC /* hangul-combination-3gc.xml */ = {isa = PBXFileReference; fileEncoding = 4; lastKnownFileType = text.xml; path = "hangul-combination-3gc.xml"; sourceTree = "<group>"; };
		3835B4F61F5DAA7100896BEC /* hangul-combination-3gs.xml */ = {isa = PBXFileReference; fileEncoding = 4; lastKnownFileType = text.xml; path = "hangul-combination-3gs.xml"; sourceTree = "<group>"; };
		3835B4F71F5DAA7100896BEC /* hangul-keyboard-2.xml */ = {isa = PBXFileReference; fileEncoding = 4; lastKnownFileType = text.xml; path = "hangul-keyboard-2.xml"; sourceTree = "<group>"; };
		3835B4F81F5DAA7100896BEC /* hangul-keyboard-2y.xml */ = {isa = PBXFileReference; fileEncoding = 4; lastKnownFileType = text.xml; path = "hangul-keyboard-2y.xml"; sourceTree = "<group>"; };
		3835B4F91F5DAA7100896BEC /* hangul-keyboard-32.xml */ = {isa = PBXFileReference; fileEncoding = 4; lastKnownFileType = text.xml; path = "hangul-keyboard-32.xml"; sourceTree = "<group>"; };
		3835B4FA1F5DAA7100896BEC /* hangul-keyboard-39.xml */ = {isa = PBXFileReference; fileEncoding = 4; lastKnownFileType = text.xml; path = "hangul-keyboard-39.xml"; sourceTree = "<group>"; };
		3835B4FB1F5DAA7100896BEC /* hangul-keyboard-39s.xml */ = {isa = PBXFileReference; fileEncoding = 4; lastKnownFileType = text.xml; path = "hangul-keyboard-39s.xml"; sourceTree = "<group>"; };
		3835B4FC1F5DAA7100896BEC /* hangul-keyboard-3f.xml */ = {isa = PBXFileReference; fileEncoding = 4; lastKnownFileType = text.xml; path = "hangul-keyboard-3f.xml"; sourceTree = "<group>"; };
		3835B4FD1F5DAA7100896BEC /* hangul-keyboard-3fs.xml */ = {isa = PBXFileReference; fileEncoding = 4; lastKnownFileType = text.xml; path = "hangul-keyboard-3fs.xml"; sourceTree = "<group>"; };
		3835B4FE1F5DAA7100896BEC /* hangul-keyboard-3gc.xml */ = {isa = PBXFileReference; fileEncoding = 4; lastKnownFileType = text.xml; path = "hangul-keyboard-3gc.xml"; sourceTree = "<group>"; };
		3835B4FF1F5DAA7100896BEC /* hangul-keyboard-3gs.xml */ = {isa = PBXFileReference; fileEncoding = 4; lastKnownFileType = text.xml; path = "hangul-keyboard-3gs.xml"; sourceTree = "<group>"; };
		3835B5001F5DAA7100896BEC /* hangul-keyboard-3s.xml */ = {isa = PBXFileReference; fileEncoding = 4; lastKnownFileType = text.xml; path = "hangul-keyboard-3s.xml"; sourceTree = "<group>"; };
		3835B5011F5DAA7100896BEC /* hangul-keyboard-3y.xml */ = {isa = PBXFileReference; fileEncoding = 4; lastKnownFileType = text.xml; path = "hangul-keyboard-3y.xml"; sourceTree = "<group>"; };
		3835B5021F5DAA7100896BEC /* hangul-keyboard-ahn.xml */ = {isa = PBXFileReference; fileEncoding = 4; lastKnownFileType = text.xml; path = "hangul-keyboard-ahn.xml"; sourceTree = "<group>"; };
		3835B5031F5DAA7100896BEC /* hangul-keyboard-ro.xml */ = {isa = PBXFileReference; fileEncoding = 4; lastKnownFileType = text.xml; path = "hangul-keyboard-ro.xml"; sourceTree = "<group>"; };
		3835B52B1F5DAB9600896BEC /* hanja.txt */ = {isa = PBXFileReference; lastKnownFileType = text; path = hanja.txt; sourceTree = "<group>"; };
		3835B52C1F5DABA400896BEC /* mssymbol.txt */ = {isa = PBXFileReference; lastKnownFileType = text; path = mssymbol.txt; sourceTree = "<group>"; };
		3835B53E1F5DAC3500896BEC /* hangul-combination-3f.xml */ = {isa = PBXFileReference; lastKnownFileType = text.xml; path = "hangul-combination-3f.xml"; sourceTree = "<group>"; };
		3835B53F1F5DAC3500896BEC /* hangul-combination-39.xml */ = {isa = PBXFileReference; lastKnownFileType = text.xml; path = "hangul-combination-39.xml"; sourceTree = "<group>"; };
		3835B5401F5DAC3500896BEC /* hangul-combination-default.xml */ = {isa = PBXFileReference; lastKnownFileType = text.xml; path = "hangul-combination-default.xml"; sourceTree = "<group>"; };
		3835B5411F5DAC3500896BEC /* hangul-combination-full.xml */ = {isa = PBXFileReference; lastKnownFileType = text.xml; path = "hangul-combination-full.xml"; sourceTree = "<group>"; };
		38531F3D1B0E7E7C00E2C16D /* Security.framework */ = {isa = PBXFileReference; lastKnownFileType = wrapper.framework; name = Security.framework; path = System/Library/Frameworks/Security.framework; sourceTree = SDKROOT; };
		38531F3E1B0E7E7C00E2C16D /* SystemConfiguration.framework */ = {isa = PBXFileReference; lastKnownFileType = wrapper.framework; name = SystemConfiguration.framework; path = System/Library/Frameworks/SystemConfiguration.framework; sourceTree = SDKROOT; };
		386441BD2160CC1A0069F420 /* XCTest.framework */ = {isa = PBXFileReference; lastKnownFileType = wrapper.framework; name = XCTest.framework; path = Platforms/MacOSX.platform/Developer/Library/Frameworks/XCTest.framework; sourceTree = DEVELOPER_DIR; };
		386ECB7F21537DE70060D9BE /* PreferencesApp.app */ = {isa = PBXFileReference; explicitFileType = wrapper.application; includeInIndex = 0; path = PreferencesApp.app; sourceTree = BUILT_PRODUCTS_DIR; };
		386ECB8121537DE70060D9BE /* AppDelegate.swift */ = {isa = PBXFileReference; lastKnownFileType = sourcecode.swift; path = AppDelegate.swift; sourceTree = "<group>"; };
		386ECB8321537DE70060D9BE /* TestWindowController.swift */ = {isa = PBXFileReference; lastKnownFileType = sourcecode.swift; path = TestWindowController.swift; sourceTree = "<group>"; };
		386ECB8521537DEA0060D9BE /* Assets.xcassets */ = {isa = PBXFileReference; lastKnownFileType = folder.assetcatalog; path = Assets.xcassets; sourceTree = "<group>"; };
		386ECB8821537DEA0060D9BE /* Base */ = {isa = PBXFileReference; lastKnownFileType = file.storyboard; name = Base; path = Base.lproj/Main.storyboard; sourceTree = "<group>"; };
		386ECB8A21537DEA0060D9BE /* Info.plist */ = {isa = PBXFileReference; lastKnownFileType = text.plist.xml; path = Info.plist; sourceTree = "<group>"; };
		386ECB8B21537DEA0060D9BE /* PreferencesApp.entitlements */ = {isa = PBXFileReference; lastKnownFileType = text.plist.entitlements; path = PreferencesApp.entitlements; sourceTree = "<group>"; };
		387A47441688415500EB5943 /* CIMCommon.m */ = {isa = PBXFileReference; fileEncoding = 4; lastKnownFileType = sourcecode.c.objc; path = CIMCommon.m; sourceTree = "<group>"; };
		388534FC213A740600885C87 /* IOKitUtility.swift */ = {isa = PBXFileReference; lastKnownFileType = sourcecode.swift; path = IOKitUtility.swift; sourceTree = "<group>"; };
		38863C63140E64EB00A8ED76 /* Cocoa.framework */ = {isa = PBXFileReference; lastKnownFileType = wrapper.framework; name = Cocoa.framework; path = System/Library/Frameworks/Cocoa.framework; sourceTree = SDKROOT; };
		38863C66140E64EB00A8ED76 /* AppKit.framework */ = {isa = PBXFileReference; lastKnownFileType = wrapper.framework; name = AppKit.framework; path = System/Library/Frameworks/AppKit.framework; sourceTree = SDKROOT; };
		38863C67140E64EB00A8ED76 /* CoreData.framework */ = {isa = PBXFileReference; lastKnownFileType = wrapper.framework; name = CoreData.framework; path = System/Library/Frameworks/CoreData.framework; sourceTree = SDKROOT; };
		38863C68140E64EB00A8ED76 /* Foundation.framework */ = {isa = PBXFileReference; lastKnownFileType = wrapper.framework; name = Foundation.framework; path = System/Library/Frameworks/Foundation.framework; sourceTree = SDKROOT; };
		38863C95140E669000A8ED76 /* CIMInputController.h */ = {isa = PBXFileReference; fileEncoding = 4; lastKnownFileType = sourcecode.c.h; path = CIMInputController.h; sourceTree = "<group>"; };
		38863C96140E669000A8ED76 /* CIMInputController.m */ = {isa = PBXFileReference; fileEncoding = 4; lastKnownFileType = sourcecode.c.objc; path = CIMInputController.m; sourceTree = "<group>"; };
		38863C98140E677900A8ED76 /* InputMethodKit.framework */ = {isa = PBXFileReference; lastKnownFileType = wrapper.framework; name = InputMethodKit.framework; path = SDKs/MacOSX10.6.sdk/System/Library/Frameworks/InputMethodKit.framework; sourceTree = DEVELOPER_DIR; };
		38863D2F140F282000A8ED76 /* CIMInputHandler.h */ = {isa = PBXFileReference; fileEncoding = 4; lastKnownFileType = sourcecode.c.h; path = CIMInputHandler.h; sourceTree = "<group>"; };
		38863D30140F282000A8ED76 /* CIMInputHandler.m */ = {isa = PBXFileReference; fileEncoding = 4; lastKnownFileType = sourcecode.c.objc; path = CIMInputHandler.m; sourceTree = "<group>"; };
		388E2A601469249700ADBDA5 /* Hangul.strings */ = {isa = PBXFileReference; fileEncoding = 4; lastKnownFileType = text.plist.strings; path = Hangul.strings; sourceTree = "<group>"; };
		388FD02A175EDB5500469B76 /* Version.xcconfig */ = {isa = PBXFileReference; fileEncoding = 4; lastKnownFileType = text.xcconfig; path = Version.xcconfig; sourceTree = "<group>"; };
		38946A6A19F4F3FD00920E09 /* InputMethodKit.framework */ = {isa = PBXFileReference; lastKnownFileType = wrapper.framework; name = InputMethodKit.framework; path = System/Library/Frameworks/InputMethodKit.framework; sourceTree = SDKROOT; };
		38BFE7FA18B45419004B2B2E /* OSXTests.xctest */ = {isa = PBXFileReference; explicitFileType = wrapper.cfbundle; includeInIndex = 0; path = OSXTests.xctest; sourceTree = BUILT_PRODUCTS_DIR; };
		38BFE7FB18B45419004B2B2E /* XCTest.framework */ = {isa = PBXFileReference; lastKnownFileType = wrapper.framework; name = XCTest.framework; path = Library/Frameworks/XCTest.framework; sourceTree = DEVELOPER_DIR; };
		38BFE7FF18B45419004B2B2E /* GureumTests-Info.plist */ = {isa = PBXFileReference; lastKnownFileType = text.plist.xml; path = "GureumTests-Info.plist"; sourceTree = "<group>"; };
		38BFE80118B45419004B2B2E /* en */ = {isa = PBXFileReference; lastKnownFileType = text.plist.strings; name = en; path = en.lproj/InfoPlist.strings; sourceTree = "<group>"; };
		38BFE80318B45419004B2B2E /* GureumTests.m */ = {isa = PBXFileReference; lastKnownFileType = sourcecode.c.objc; path = GureumTests.m; sourceTree = "<group>"; };
		38BFE81F18B4F181004B2B2E /* GureumMockObjects.h */ = {isa = PBXFileReference; fileEncoding = 4; lastKnownFileType = sourcecode.c.h; path = GureumMockObjects.h; sourceTree = "<group>"; };
		38BFE82018B4F181004B2B2E /* GureumMockObjects.m */ = {isa = PBXFileReference; fileEncoding = 4; lastKnownFileType = sourcecode.c.objc; path = GureumMockObjects.m; sourceTree = "<group>"; };
		38C253EA19F4EE320020FE92 /* Gureum.entitlements */ = {isa = PBXFileReference; lastKnownFileType = text.xml; path = Gureum.entitlements; sourceTree = "<group>"; };
		38C2AE4C208795E700FE211A /* GureumConfiguration.swift */ = {isa = PBXFileReference; lastKnownFileType = sourcecode.swift; path = GureumConfiguration.swift; sourceTree = "<group>"; };
		38C75C8B1F153A74004BE02A /* RomanComposer.swift */ = {isa = PBXFileReference; fileEncoding = 4; lastKnownFileType = sourcecode.swift; path = RomanComposer.swift; sourceTree = "<group>"; };
		38D3E42A21213E9700751191 /* HangulComposer.swift */ = {isa = PBXFileReference; lastKnownFileType = sourcecode.swift; path = HangulComposer.swift; sourceTree = "<group>"; };
		38D6F1CB194003C7003F25EE /* command.png */ = {isa = PBXFileReference; lastKnownFileType = image.png; name = command.png; path = Icons/command.png; sourceTree = "<group>"; };
		38EE977519FFD65600AD19B8 /* Carbon.framework */ = {isa = PBXFileReference; lastKnownFileType = wrapper.framework; name = Carbon.framework; path = System/Library/Frameworks/Carbon.framework; sourceTree = SDKROOT; };
		38EE97791A00148D00AD19B8 /* TISInputSource.h */ = {isa = PBXFileReference; fileEncoding = 4; lastKnownFileType = sourcecode.c.h; path = TISInputSource.h; sourceTree = "<group>"; };
		38EE977A1A00148D00AD19B8 /* TISInputSource.m */ = {isa = PBXFileReference; fileEncoding = 4; lastKnownFileType = sourcecode.c.objc; path = TISInputSource.m; sourceTree = "<group>"; };
		38F220A3142C79710064FAC3 /* libhangul_logo.png */ = {isa = PBXFileReference; lastKnownFileType = image.png; name = libhangul_logo.png; path = Icons/libhangul_logo.png; sourceTree = "<group>"; };
		38F85960215BD27000CD80AE /* main.swift */ = {isa = PBXFileReference; lastKnownFileType = sourcecode.swift; path = main.swift; sourceTree = "<group>"; };
		38F85964215BEA3800CD80AE /* PreferencePanes.framework */ = {isa = PBXFileReference; lastKnownFileType = wrapper.framework; name = PreferencePanes.framework; path = System/Library/Frameworks/PreferencePanes.framework; sourceTree = SDKROOT; };
		38FA220114233FD900444D67 /* Hangul.xcodeproj */ = {isa = PBXFileReference; lastKnownFileType = "wrapper.pb-project"; name = Hangul.xcodeproj; path = "../libhangul-objc/Hangul.xcodeproj"; sourceTree = "<group>"; };
		44C08D5450D78FCDA4226ECE /* Pods_Preferences.framework */ = {isa = PBXFileReference; explicitFileType = wrapper.framework; includeInIndex = 0; path = Pods_Preferences.framework; sourceTree = BUILT_PRODUCTS_DIR; };
		4CAB632CA8BB927B15D0FF2A /* Pods-OSX.debug.xcconfig */ = {isa = PBXFileReference; includeInIndex = 1; lastKnownFileType = text.xcconfig; name = "Pods-OSX.debug.xcconfig"; path = "Pods/Target Support Files/Pods-OSX/Pods-OSX.debug.xcconfig"; sourceTree = "<group>"; };
		4F10FF4A81E4501FB2F71251 /* Pods_PreferencesApp.framework */ = {isa = PBXFileReference; explicitFileType = wrapper.framework; includeInIndex = 0; path = Pods_PreferencesApp.framework; sourceTree = BUILT_PRODUCTS_DIR; };
		4F1238C7C58357731B8AE5B9 /* Pods-OSXTests.release.xcconfig */ = {isa = PBXFileReference; includeInIndex = 1; lastKnownFileType = text.xcconfig; name = "Pods-OSXTests.release.xcconfig"; path = "Pods/Target Support Files/Pods-OSXTests/Pods-OSXTests.release.xcconfig"; sourceTree = "<group>"; };
		60EF36B9B3B06EE1D160329E /* Pods-OSX.release.xcconfig */ = {isa = PBXFileReference; includeInIndex = 1; lastKnownFileType = text.xcconfig; name = "Pods-OSX.release.xcconfig"; path = "Pods/Target Support Files/Pods-OSX/Pods-OSX.release.xcconfig"; sourceTree = "<group>"; };
		871B807B2153DDFA0013EE69 /* CIMInputManager.swift */ = {isa = PBXFileReference; fileEncoding = 4; lastKnownFileType = sourcecode.swift; path = CIMInputManager.swift; sourceTree = "<group>"; };
		8837333857ED65F9D5DAD88B /* Pods-PreferencesApp.release.xcconfig */ = {isa = PBXFileReference; includeInIndex = 1; lastKnownFileType = text.xcconfig; name = "Pods-PreferencesApp.release.xcconfig"; path = "Pods/Target Support Files/Pods-PreferencesApp/Pods-PreferencesApp.release.xcconfig"; sourceTree = "<group>"; };
		8DDF3209586DA50868B852BE /* Pods-Preferences.release.xcconfig */ = {isa = PBXFileReference; includeInIndex = 1; lastKnownFileType = text.xcconfig; name = "Pods-Preferences.release.xcconfig"; path = "Pods/Target Support Files/Pods-Preferences/Pods-Preferences.release.xcconfig"; sourceTree = "<group>"; };
		A3BAAE062160C6970076C66D /* GureumTests.swift */ = {isa = PBXFileReference; fileEncoding = 4; lastKnownFileType = sourcecode.swift; path = GureumTests.swift; sourceTree = "<group>"; };
		AAD6EEADFFF6686CFD8D71FD /* Pods-Preferences.debug.xcconfig */ = {isa = PBXFileReference; includeInIndex = 1; lastKnownFileType = text.xcconfig; name = "Pods-Preferences.debug.xcconfig"; path = "Pods/Target Support Files/Pods-Preferences/Pods-Preferences.debug.xcconfig"; sourceTree = "<group>"; };
		AEB490519C2C18CA988A9B83 /* Pods-OSXTests.debug.xcconfig */ = {isa = PBXFileReference; includeInIndex = 1; lastKnownFileType = text.xcconfig; name = "Pods-OSXTests.debug.xcconfig"; path = "Pods/Target Support Files/Pods-OSXTests/Pods-OSXTests.debug.xcconfig"; sourceTree = "<group>"; };
		E54B8381214299EB00527218 /* GureumComposer.swift */ = {isa = PBXFileReference; lastKnownFileType = sourcecode.swift; path = GureumComposer.swift; sourceTree = "<group>"; };
		E5A0EA092139098800D4AD69 /* GureumAppDelegate.swift */ = {isa = PBXFileReference; lastKnownFileType = sourcecode.swift; path = GureumAppDelegate.swift; sourceTree = "<group>"; };
		E5BB72CC214A788100E35558 /* CIMInputController.swift */ = {isa = PBXFileReference; lastKnownFileType = sourcecode.swift; path = CIMInputController.swift; sourceTree = "<group>"; };
		E5D234EE2141260E00595FA0 /* CIMApplicationDelegate.swift */ = {isa = PBXFileReference; lastKnownFileType = sourcecode.swift; path = CIMApplicationDelegate.swift; sourceTree = "<group>"; };
		E5ED2DE3213030B700BD9B13 /* CIMInputControllerGureum.swift */ = {isa = PBXFileReference; lastKnownFileType = sourcecode.swift; path = CIMInputControllerGureum.swift; sourceTree = "<group>"; };
		E73EDD6DBCA6CA17A1708BE5 /* libPods-OSXTests.a */ = {isa = PBXFileReference; explicitFileType = archive.ar; includeInIndex = 0; path = "libPods-OSXTests.a"; sourceTree = BUILT_PRODUCTS_DIR; };
		FC158A0A213A847D00E4ABAC /* CIMBaseComposer.swift */ = {isa = PBXFileReference; lastKnownFileType = sourcecode.swift; path = CIMBaseComposer.swift; sourceTree = "<group>"; };
/* End PBXFileReference section */

/* Begin PBXFrameworksBuildPhase section */
		38162DF0141263270077AA2D /* Frameworks */ = {
			isa = PBXFrameworksBuildPhase;
			buildActionMask = 2147483647;
			files = (
				38EE977619FFD65600AD19B8 /* Carbon.framework in Frameworks */,
				38531F441B0E7E7C00E2C16D /* SystemConfiguration.framework in Frameworks */,
				38946A6B19F4F3FD00920E09 /* InputMethodKit.framework in Frameworks */,
				38162DF5141263270077AA2D /* Cocoa.framework in Frameworks */,
				38531F431B0E7E7C00E2C16D /* Security.framework in Frameworks */,
				38F85936215A926100CD80AE /* Hangul.framework in Frameworks */,
				DAA59CC398282039EE3F4265 /* libPods-OSX.a in Frameworks */,
			);
			runOnlyForDeploymentPostprocessing = 0;
		};
		382E68601A1314D900031D1D /* Frameworks */ = {
			isa = PBXFrameworksBuildPhase;
			buildActionMask = 2147483647;
			files = (
				5BFD1CC577B7F0E1650E54BA /* Pods_Preferences.framework in Frameworks */,
			);
			runOnlyForDeploymentPostprocessing = 0;
		};
		386ECB7C21537DE70060D9BE /* Frameworks */ = {
			isa = PBXFrameworksBuildPhase;
			buildActionMask = 2147483647;
			files = (
				B0DE8679435065D0866D2AAF /* Pods_PreferencesApp.framework in Frameworks */,
			);
			runOnlyForDeploymentPostprocessing = 0;
		};
		38BFE7F718B45419004B2B2E /* Frameworks */ = {
			isa = PBXFrameworksBuildPhase;
			buildActionMask = 2147483647;
			files = (
				8FB2D1F50746B5A15A5617BE /* libPods-OSXTests.a in Frameworks */,
			);
			runOnlyForDeploymentPostprocessing = 0;
		};
/* End PBXFrameworksBuildPhase section */

/* Begin PBXGroup section */
		38162DF6141263270077AA2D /* OSX */ = {
			isa = PBXGroup;
			children = (
				38531F3D1B0E7E7C00E2C16D /* Security.framework */,
				38531F3E1B0E7E7C00E2C16D /* SystemConfiguration.framework */,
				38C253EA19F4EE320020FE92 /* Gureum.entitlements */,
				38FA220114233FD900444D67 /* Hangul.xcodeproj */,
				388FD02A175EDB5500469B76 /* Version.xcconfig */,
				38C2AE4C208795E700FE211A /* GureumConfiguration.swift */,
				381B32731DA826B100EA1975 /* Bridge.h */,
				E5ED2DE3213030B700BD9B13 /* CIMInputControllerGureum.swift */,
				E5A0EA092139098800D4AD69 /* GureumAppDelegate.swift */,
				38FA21DF14231BCC00444D67 /* Composers */,
				38475AEB14129BAA0062100D /* Icons */,
				38162DF7141263280077AA2D /* Supporting Files */,
				3835B4E21F5DAA7100896BEC /* data */,
				388534F9213A731E00885C87 /* IOKit */,
				38098F09215A3DB30001F159 /* Assets.xcassets */,
			);
			path = OSX;
			sourceTree = "<group>";
		};
		38162DF7141263280077AA2D /* Supporting Files */ = {
			isa = PBXGroup;
			children = (
				38162DF8141263280077AA2D /* Info.plist */,
				38162DF9141263280077AA2D /* InfoPlist.strings */,
				38162DFC141263280077AA2D /* Prefix.pch */,
				38162E4914128A740077AA2D /* MainMenu.xib */,
				388E2A601469249700ADBDA5 /* Hangul.strings */,
				38F85960215BD27000CD80AE /* main.swift */,
			);
			name = "Supporting Files";
			sourceTree = "<group>";
		};
		382E68651A1314D900031D1D /* Preferences */ = {
			isa = PBXGroup;
			children = (
				381CA2EE1FCE16EA00DDB81D /* Preferences.swift */,
				382E686C1A1314D900031D1D /* Preferences.tiff */,
				382E686E1A1314D900031D1D /* Preferences.xib */,
				381CA2F01FCE208A00DDB81D /* Example.png */,
				382E68661A1314D900031D1D /* Supporting Files */,
				381CA2ED1FCE16EA00DDB81D /* Preferences-Bridging-Header.h */,
			);
			path = Preferences;
			sourceTree = "<group>";
		};
		382E68661A1314D900031D1D /* Supporting Files */ = {
			isa = PBXGroup;
			children = (
				382E68671A1314D900031D1D /* Info.plist */,
			);
			name = "Supporting Files";
			sourceTree = "<group>";
		};
		3835B4E21F5DAA7100896BEC /* data */ = {
			isa = PBXGroup;
			children = (
				3835B4E31F5DAA7100896BEC /* hanja */,
				3835B4F41F5DAA7100896BEC /* keyboards */,
			);
			path = data;
			sourceTree = "<group>";
		};
		3835B4E31F5DAA7100896BEC /* hanja */ = {
			isa = PBXGroup;
			children = (
				3835B4E51F5DAA7100896BEC /* all.txt */,
				3835B4E71F5DAA7100896BEC /* emoticon.txt */,
				3835B4E81F5DAA7100896BEC /* emoticonr.txt */,
				3835B52B1F5DAB9600896BEC /* hanja.txt */,
				3835B52C1F5DABA400896BEC /* mssymbol.txt */,
				3835B4EC1F5DAA7100896BEC /* hanjac.txt */,
				3835B4ED1F5DAA7100896BEC /* hanjar.txt */,
				3835B4EE1F5DAA7100896BEC /* hanjaw.txt */,
			);
			path = hanja;
			sourceTree = "<group>";
		};
		3835B4F41F5DAA7100896BEC /* keyboards */ = {
			isa = PBXGroup;
			children = (
				3835B4F51F5DAA7100896BEC /* hangul-combination-3gc.xml */,
				3835B4F61F5DAA7100896BEC /* hangul-combination-3gs.xml */,
				3835B53E1F5DAC3500896BEC /* hangul-combination-3f.xml */,
				3835B53F1F5DAC3500896BEC /* hangul-combination-39.xml */,
				3835B5401F5DAC3500896BEC /* hangul-combination-default.xml */,
				3835B5411F5DAC3500896BEC /* hangul-combination-full.xml */,
				3835B4F71F5DAA7100896BEC /* hangul-keyboard-2.xml */,
				3835B4F81F5DAA7100896BEC /* hangul-keyboard-2y.xml */,
				3835B4F91F5DAA7100896BEC /* hangul-keyboard-32.xml */,
				3835B4FA1F5DAA7100896BEC /* hangul-keyboard-39.xml */,
				3835B4FB1F5DAA7100896BEC /* hangul-keyboard-39s.xml */,
				3835B4FC1F5DAA7100896BEC /* hangul-keyboard-3f.xml */,
				3835B4FD1F5DAA7100896BEC /* hangul-keyboard-3fs.xml */,
				3835B4FE1F5DAA7100896BEC /* hangul-keyboard-3gc.xml */,
				3835B4FF1F5DAA7100896BEC /* hangul-keyboard-3gs.xml */,
				3835B5001F5DAA7100896BEC /* hangul-keyboard-3s.xml */,
				3835B5011F5DAA7100896BEC /* hangul-keyboard-3y.xml */,
				3835B5021F5DAA7100896BEC /* hangul-keyboard-ahn.xml */,
				3835B5031F5DAA7100896BEC /* hangul-keyboard-ro.xml */,
			);
			path = keyboards;
			sourceTree = "<group>";
		};
		38475AEB14129BAA0062100D /* Icons */ = {
			isa = PBXGroup;
			children = (
				38F220A3142C79710064FAC3 /* libhangul_logo.png */,
				38D6F1CB194003C7003F25EE /* command.png */,
			);
			name = Icons;
			sourceTree = "<group>";
		};
		386ECB8021537DE70060D9BE /* PreferencesApp */ = {
			isa = PBXGroup;
			children = (
				386ECB8121537DE70060D9BE /* AppDelegate.swift */,
				386ECB8321537DE70060D9BE /* TestWindowController.swift */,
				386ECB8521537DEA0060D9BE /* Assets.xcassets */,
				386ECB8721537DEA0060D9BE /* Main.storyboard */,
				386ECB8A21537DEA0060D9BE /* Info.plist */,
				386ECB8B21537DEA0060D9BE /* PreferencesApp.entitlements */,
				382AF2DC21563C0600701F90 /* PreferencesApp-Bridging-Header.h */,
			);
			path = PreferencesApp;
			sourceTree = "<group>";
		};
		387DFFFE1421F1E000DAE6F4 /* Common Input Method */ = {
			isa = PBXGroup;
			children = (
				871B807B2153DDFA0013EE69 /* CIMInputManager.swift */,
				38162DCE1410A95A0077AA2D /* CIMCommon.h */,
				387A47441688415500EB5943 /* CIMCommon.m */,
				E5D234EE2141260E00595FA0 /* CIMApplicationDelegate.swift */,
				38863C95140E669000A8ED76 /* CIMInputController.h */,
				38863C96140E669000A8ED76 /* CIMInputController.m */,
				E5BB72CC214A788100E35558 /* CIMInputController.swift */,
				38162DCA1410A4A50077AA2D /* CIMComposer.h */,
				38162E1314126ACE0077AA2D /* CIMComposer.m */,
				38863D2F140F282000A8ED76 /* CIMInputHandler.h */,
				38863D30140F282000A8ED76 /* CIMInputHandler.m */,
				38EE97791A00148D00AD19B8 /* TISInputSource.h */,
				38EE977A1A00148D00AD19B8 /* TISInputSource.m */,
				FC158A0A213A847D00E4ABAC /* CIMBaseComposer.swift */,
			);
			name = "Common Input Method";
			path = CommonInputMethod;
			sourceTree = "<group>";
		};
		388534F9213A731E00885C87 /* IOKit */ = {
			isa = PBXGroup;
			children = (
				388534FC213A740600885C87 /* IOKitUtility.swift */,
			);
			name = IOKit;
			sourceTree = "<group>";
		};
		38863C4E140E62D100A8ED76 = {
			isa = PBXGroup;
			children = (
				387DFFFE1421F1E000DAE6F4 /* Common Input Method */,
				38162DF6141263270077AA2D /* OSX */,
				38BFE7FD18B45419004B2B2E /* GureumTests */,
				382E68651A1314D900031D1D /* Preferences */,
				386ECB8021537DE70060D9BE /* PreferencesApp */,
				38863C62140E64EB00A8ED76 /* Frameworks */,
				38863C60140E64EB00A8ED76 /* Products */,
				8F621F5501ACAD707B61B6D5 /* Pods */,
			);
			sourceTree = "<group>";
		};
		38863C60140E64EB00A8ED76 /* Products */ = {
			isa = PBXGroup;
			children = (
				38162DF3141263270077AA2D /* Gureum.app */,
				38BFE7FA18B45419004B2B2E /* OSXTests.xctest */,
				382E68641A1314D900031D1D /* Preferences.prefPane */,
				386ECB7F21537DE70060D9BE /* PreferencesApp.app */,
			);
			name = Products;
			sourceTree = "<group>";
		};
		38863C62140E64EB00A8ED76 /* Frameworks */ = {
			isa = PBXGroup;
			children = (
				386441BD2160CC1A0069F420 /* XCTest.framework */,
				38F85964215BEA3800CD80AE /* PreferencePanes.framework */,
				38EE977519FFD65600AD19B8 /* Carbon.framework */,
				38946A6A19F4F3FD00920E09 /* InputMethodKit.framework */,
				38863C63140E64EB00A8ED76 /* Cocoa.framework */,
				38863C98140E677900A8ED76 /* InputMethodKit.framework */,
				38BFE7FB18B45419004B2B2E /* XCTest.framework */,
				38863C65140E64EB00A8ED76 /* Other Frameworks */,
				E73EDD6DBCA6CA17A1708BE5 /* libPods-OSXTests.a */,
				44C08D5450D78FCDA4226ECE /* Pods_Preferences.framework */,
				4F10FF4A81E4501FB2F71251 /* Pods_PreferencesApp.framework */,
				057B3CD9EB092349BD540E8B /* libPods-OSX.a */,
			);
			name = Frameworks;
			sourceTree = "<group>";
		};
		38863C65140E64EB00A8ED76 /* Other Frameworks */ = {
			isa = PBXGroup;
			children = (
				38863C66140E64EB00A8ED76 /* AppKit.framework */,
				38863C67140E64EB00A8ED76 /* CoreData.framework */,
				38863C68140E64EB00A8ED76 /* Foundation.framework */,
			);
			name = "Other Frameworks";
			sourceTree = "<group>";
		};
		389A38781423477F00A2ED88 /* Products */ = {
			isa = PBXGroup;
			children = (
				389A387D1423477F00A2ED88 /* Hangul.framework */,
				389A387F1423477F00A2ED88 /* libhangul.a */,
				382707F21F57475400658B6B /* HangulTests.xctest */,
			);
			name = Products;
			sourceTree = "<group>";
		};
		38BFE7FD18B45419004B2B2E /* GureumTests */ = {
			isa = PBXGroup;
			children = (
				A3BAAE062160C6970076C66D /* GureumTests.swift */,
				38BFE81F18B4F181004B2B2E /* GureumMockObjects.h */,
				38BFE82018B4F181004B2B2E /* GureumMockObjects.m */,
				38BFE80318B45419004B2B2E /* GureumTests.m */,
				38BFE7FE18B45419004B2B2E /* Supporting Files */,
			);
			path = GureumTests;
			sourceTree = "<group>";
		};
		38BFE7FE18B45419004B2B2E /* Supporting Files */ = {
			isa = PBXGroup;
			children = (
				38BFE7FF18B45419004B2B2E /* GureumTests-Info.plist */,
				38BFE80018B45419004B2B2E /* InfoPlist.strings */,
			);
			name = "Supporting Files";
			sourceTree = "<group>";
		};
		38FA21DF14231BCC00444D67 /* Composers */ = {
			isa = PBXGroup;
			children = (
				38162D7A140F64B70077AA2D /* HanjaComposer.h */,
				38162D7B140F64B70077AA2D /* HanjaComposer.m */,
				38D3E42A21213E9700751191 /* HangulComposer.swift */,
				38C75C8B1F153A74004BE02A /* RomanComposer.swift */,
				E54B8381214299EB00527218 /* GureumComposer.swift */,
			);
			name = Composers;
			sourceTree = "<group>";
		};
		8F621F5501ACAD707B61B6D5 /* Pods */ = {
			isa = PBXGroup;
			children = (
				4CAB632CA8BB927B15D0FF2A /* Pods-OSX.debug.xcconfig */,
				60EF36B9B3B06EE1D160329E /* Pods-OSX.release.xcconfig */,
				AEB490519C2C18CA988A9B83 /* Pods-OSXTests.debug.xcconfig */,
				4F1238C7C58357731B8AE5B9 /* Pods-OSXTests.release.xcconfig */,
				AAD6EEADFFF6686CFD8D71FD /* Pods-Preferences.debug.xcconfig */,
				8DDF3209586DA50868B852BE /* Pods-Preferences.release.xcconfig */,
				0130E800FFCE9947A2681B1A /* Pods-PreferencesApp.debug.xcconfig */,
				8837333857ED65F9D5DAD88B /* Pods-PreferencesApp.release.xcconfig */,
			);
			name = Pods;
			sourceTree = "<group>";
		};
/* End PBXGroup section */

/* Begin PBXHeadersBuildPhase section */
		382E68611A1314D900031D1D /* Headers */ = {
			isa = PBXHeadersBuildPhase;
			buildActionMask = 2147483647;
			files = (
			);
			runOnlyForDeploymentPostprocessing = 0;
		};
/* End PBXHeadersBuildPhase section */

/* Begin PBXNativeTarget section */
		38162DF2141263270077AA2D /* OSX */ = {
			isa = PBXNativeTarget;
			buildConfigurationList = 38162E08141263280077AA2D /* Build configuration list for PBXNativeTarget "OSX" */;
			buildPhases = (
				D6A0081C4D143DFDA8D1BCD4 /* [CP] Check Pods Manifest.lock */,
				38162DEF141263270077AA2D /* Sources */,
				38162DF0141263270077AA2D /* Frameworks */,
				38162DF1141263270077AA2D /* Resources */,
				3835B4E11F59DDAF00896BEC /* Prepare libhangul data */,
				3835B5231F5DAADF00896BEC /* Copy Hanja Files */,
				3835B5241F5DAB2700896BEC /* Copy Keyboards Files */,
				387736EB1423561F00DE50D6 /* Copy Frameworks */,
				388FB6471A12320E00DCB995 /* Run Fabric */,
			);
			buildRules = (
			);
			dependencies = (
				382AF2CA2156284200701F90 /* PBXTargetDependency */,
				389A398414234B5600A2ED88 /* PBXTargetDependency */,
				382E68751A13153300031D1D /* PBXTargetDependency */,
			);
			name = OSX;
			productName = OSX;
			productReference = 38162DF3141263270077AA2D /* Gureum.app */;
			productType = "com.apple.product-type.application";
		};
		382E68631A1314D900031D1D /* Preferences */ = {
			isa = PBXNativeTarget;
			buildConfigurationList = 382E68711A1314D900031D1D /* Build configuration list for PBXNativeTarget "Preferences" */;
			buildPhases = (
				7503FCD177EE3F4AE581D3E4 /* [CP] Check Pods Manifest.lock */,
				382E685F1A1314D900031D1D /* Sources */,
				382E68601A1314D900031D1D /* Frameworks */,
				382E68611A1314D900031D1D /* Headers */,
				382E68621A1314D900031D1D /* Resources */,
				8A3D8D1C9CB40042C727B583 /* Copy MASShortcut from Pods */,
			);
			buildRules = (
			);
			dependencies = (
				382AF2CE2156284800701F90 /* PBXTargetDependency */,
			);
			name = Preferences;
			productName = Preferences;
			productReference = 382E68641A1314D900031D1D /* Preferences.prefPane */;
			productType = "com.apple.product-type.bundle";
		};
		386ECB7E21537DE70060D9BE /* PreferencesApp */ = {
			isa = PBXNativeTarget;
			buildConfigurationList = 386ECBAA21537DEA0060D9BE /* Build configuration list for PBXNativeTarget "PreferencesApp" */;
			buildPhases = (
				B93D666453B7EA4F921F9475 /* [CP] Check Pods Manifest.lock */,
				386ECB7B21537DE70060D9BE /* Sources */,
				386ECB7C21537DE70060D9BE /* Frameworks */,
				386ECB7D21537DE70060D9BE /* Resources */,
				FF731DA68ABE84003384699B /* [CP] Embed Pods Frameworks */,
			);
			buildRules = (
			);
			dependencies = (
				38F85968215BF4A600CD80AE /* PBXTargetDependency */,
			);
			name = PreferencesApp;
			productName = PreferencesApp;
			productReference = 386ECB7F21537DE70060D9BE /* PreferencesApp.app */;
			productType = "com.apple.product-type.application";
		};
		38BFE7F918B45419004B2B2E /* OSXTests */ = {
			isa = PBXNativeTarget;
			buildConfigurationList = 38BFE80818B45419004B2B2E /* Build configuration list for PBXNativeTarget "OSXTests" */;
			buildPhases = (
				D411EA0A46AD6D5A12CFE191 /* [CP] Check Pods Manifest.lock */,
				38BFE7F618B45419004B2B2E /* Sources */,
				38BFE7F718B45419004B2B2E /* Frameworks */,
				38BFE7F818B45419004B2B2E /* Resources */,
			);
			buildRules = (
			);
			dependencies = (
				38BFE80718B45419004B2B2E /* PBXTargetDependency */,
			);
			name = OSXTests;
			productName = GureumTests;
			productReference = 38BFE7FA18B45419004B2B2E /* OSXTests.xctest */;
			productType = "com.apple.product-type.bundle.unit-test";
		};
/* End PBXNativeTarget section */

/* Begin PBXProject section */
		38863C50140E62D100A8ED76 /* Project object */ = {
			isa = PBXProject;
			attributes = {
				LastSwiftUpdateCheck = 1000;
				LastUpgradeCheck = 1000;
				ORGANIZATIONNAME = youknowone.org;
				TargetAttributes = {
					38162DF2141263270077AA2D = {
						CreatedOnToolsVersion = 9.4.1;
						LastSwiftMigration = 1000;
						SystemCapabilities = {
							com.apple.ApplicationGroups.Mac = {
								enabled = 1;
							};
							com.apple.Sandbox = {
								enabled = 0;
							};
						};
					};
					382E68631A1314D900031D1D = {
						CreatedOnToolsVersion = 9.4.1;
						LastSwiftMigration = 1000;
						SystemCapabilities = {
							com.apple.ApplicationGroups.Mac = {
								enabled = 1;
							};
							com.apple.Sandbox = {
								enabled = 0;
							};
						};
					};
					386ECB7E21537DE70060D9BE = {
						CreatedOnToolsVersion = 9.4.1;
						LastSwiftMigration = 1000;
						ProvisioningStyle = Automatic;
						SystemCapabilities = {
							com.apple.ApplicationGroups.Mac = {
								enabled = 1;
							};
							com.apple.Sandbox = {
								enabled = 0;
							};
						};
					};
					38BFE7F918B45419004B2B2E = {
						LastSwiftMigration = 0800;
						SystemCapabilities = {
							com.apple.ApplicationGroups.Mac = {
								enabled = 1;
							};
							com.apple.Sandbox = {
								enabled = 0;
							};
						};
						TestTargetID = 38162DF2141263270077AA2D;
					};
					38E9024821344637005DF76A = {
						CreatedOnToolsVersion = 9.4.1;
						SystemCapabilities = {
							com.apple.ApplicationGroups.Mac = {
								enabled = 1;
							};
							com.apple.Sandbox = {
								enabled = 0;
							};
						};
					};
				};
			};
			buildConfigurationList = 38863C53140E62D100A8ED76 /* Build configuration list for PBXProject "Gureum" */;
			compatibilityVersion = "Xcode 3.2";
			developmentRegion = English;
			hasScannedForEncodings = 0;
			knownRegions = (
				en,
				ko,
				Base,
			);
			mainGroup = 38863C4E140E62D100A8ED76;
			productRefGroup = 38863C60140E64EB00A8ED76 /* Products */;
			projectDirPath = "";
			projectReferences = (
				{
					ProductGroup = 389A38781423477F00A2ED88 /* Products */;
					ProjectRef = 38FA220114233FD900444D67 /* Hangul.xcodeproj */;
				},
			);
			projectRoot = "";
			targets = (
				38162DF2141263270077AA2D /* OSX */,
				38BFE7F918B45419004B2B2E /* OSXTests */,
				382E68631A1314D900031D1D /* Preferences */,
				38E9024821344637005DF76A /* ScriptSupport */,
				386ECB7E21537DE70060D9BE /* PreferencesApp */,
			);
		};
/* End PBXProject section */

/* Begin PBXReferenceProxy section */
		382707F21F57475400658B6B /* HangulTests.xctest */ = {
			isa = PBXReferenceProxy;
			fileType = wrapper.cfbundle;
			path = HangulTests.xctest;
			remoteRef = 382707F11F57475400658B6B /* PBXContainerItemProxy */;
			sourceTree = BUILT_PRODUCTS_DIR;
		};
		389A387D1423477F00A2ED88 /* Hangul.framework */ = {
			isa = PBXReferenceProxy;
			fileType = wrapper.framework;
			path = Hangul.framework;
			remoteRef = 389A387C1423477F00A2ED88 /* PBXContainerItemProxy */;
			sourceTree = BUILT_PRODUCTS_DIR;
		};
		389A387F1423477F00A2ED88 /* libhangul.a */ = {
			isa = PBXReferenceProxy;
			fileType = archive.ar;
			path = libhangul.a;
			remoteRef = 389A387E1423477F00A2ED88 /* PBXContainerItemProxy */;
			sourceTree = BUILT_PRODUCTS_DIR;
		};
/* End PBXReferenceProxy section */

/* Begin PBXResourcesBuildPhase section */
		38162DF1141263270077AA2D /* Resources */ = {
			isa = PBXResourcesBuildPhase;
			buildActionMask = 2147483647;
			files = (
				382E68761A13156700031D1D /* Preferences.prefPane in Resources */,
				38162DFB141263280077AA2D /* InfoPlist.strings in Resources */,
				38162E4814128A740077AA2D /* MainMenu.xib in Resources */,
				388E2A611469249700ADBDA5 /* Hangul.strings in Resources */,
				38098F0A215A3DB30001F159 /* Assets.xcassets in Resources */,
			);
			runOnlyForDeploymentPostprocessing = 0;
		};
		382E68621A1314D900031D1D /* Resources */ = {
			isa = PBXResourcesBuildPhase;
			buildActionMask = 2147483647;
			files = (
				381CA2F11FCE208A00DDB81D /* Example.png in Resources */,
				382E68701A1314D900031D1D /* Preferences.xib in Resources */,
				382E686D1A1314D900031D1D /* Preferences.tiff in Resources */,
			);
			runOnlyForDeploymentPostprocessing = 0;
		};
		386ECB7D21537DE70060D9BE /* Resources */ = {
			isa = PBXResourcesBuildPhase;
			buildActionMask = 2147483647;
			files = (
				38F85969215BF4BA00CD80AE /* Preferences.prefPane in Resources */,
				386ECB8621537DEA0060D9BE /* Assets.xcassets in Resources */,
				386ECBB1215385720060D9BE /* InfoPlist.strings in Resources */,
				386ECB8921537DEA0060D9BE /* Main.storyboard in Resources */,
			);
			runOnlyForDeploymentPostprocessing = 0;
		};
		38BFE7F818B45419004B2B2E /* Resources */ = {
			isa = PBXResourcesBuildPhase;
			buildActionMask = 2147483647;
			files = (
				38BFE80218B45419004B2B2E /* InfoPlist.strings in Resources */,
			);
			runOnlyForDeploymentPostprocessing = 0;
		};
/* End PBXResourcesBuildPhase section */

/* Begin PBXShellScriptBuildPhase section */
		382AF2C12156269F00701F90 /* Generate Version.xcconfig */ = {
			isa = PBXShellScriptBuildPhase;
			buildActionMask = 2147483647;
			files = (
			);
			inputFileListPaths = (
			);
			inputPaths = (
			);
			name = "Generate Version.xcconfig";
			outputFileListPaths = (
			);
			outputPaths = (
			);
			runOnlyForDeploymentPostprocessing = 0;
			shellPath = /bin/sh;
			shellScript = "cd $PROJECT_DIR/OSX\ntag=`git describe --tags`\ntag=${tag#GureumKIM-}\necho \"VERSION = $tag\" > Version.xcconfig\n";
		};
		3835B4E11F59DDAF00896BEC /* Prepare libhangul data */ = {
			isa = PBXShellScriptBuildPhase;
			buildActionMask = 2147483647;
			files = (
			);
			inputPaths = (
			);
			name = "Prepare libhangul data";
			outputPaths = (
			);
			runOnlyForDeploymentPostprocessing = 0;
			shellPath = /bin/bash;
			shellScript = "for template_path in \"${SRCROOT}/libhangul-objc/libhangul/data/keyboards/\"*.template; do\n  template=${template_path##*/}\n  xml=${template%.template}\n  cp \"$template_path\" \"OSX/data/keyboards/$xml\"\ndone\n\ncp \"${SRCROOT}/libhangul-objc/libhangul/data/keyboards/\"*.xml \"OSX/data/keyboards/\"\n\ncp \"$SRCROOT/libhangul-objc/libhangul/data/hanja/\"*.txt \"OSX/data/hanja/\"\n";
		};
		388FB6471A12320E00DCB995 /* Run Fabric */ = {
			isa = PBXShellScriptBuildPhase;
			buildActionMask = 2147483647;
			files = (
			);
			inputPaths = (
			);
			name = "Run Fabric";
			outputPaths = (
			);
			runOnlyForDeploymentPostprocessing = 0;
			shellPath = /bin/sh;
			shellScript = "./Pods/Fabric/run 1b5d8443c3eabba778b0d97bff234647af846181 34aaecdde99dce1f9408a963ba788143536760a1c73ce21b46a14f888c5d54c1";
		};
		38E9024E21344640005DF76A /* Print environment variables */ = {
			isa = PBXShellScriptBuildPhase;
			buildActionMask = 12;
			files = (
			);
			inputPaths = (
			);
			name = "Print environment variables";
			outputPaths = (
			);
			runOnlyForDeploymentPostprocessing = 0;
			shellPath = /bin/sh;
			shellScript = "# Type a script or drag a script file from your workspace to insert its path.\n";
		};
		7503FCD177EE3F4AE581D3E4 /* [CP] Check Pods Manifest.lock */ = {
			isa = PBXShellScriptBuildPhase;
			buildActionMask = 2147483647;
			files = (
			);
			inputPaths = (
				"${PODS_PODFILE_DIR_PATH}/Podfile.lock",
				"${PODS_ROOT}/Manifest.lock",
			);
			name = "[CP] Check Pods Manifest.lock";
			outputPaths = (
				"$(DERIVED_FILE_DIR)/Pods-Preferences-checkManifestLockResult.txt",
			);
			runOnlyForDeploymentPostprocessing = 0;
			shellPath = /bin/sh;
			shellScript = "diff \"${PODS_PODFILE_DIR_PATH}/Podfile.lock\" \"${PODS_ROOT}/Manifest.lock\" > /dev/null\nif [ $? != 0 ] ; then\n    # print error to STDERR\n    echo \"error: The sandbox is not in sync with the Podfile.lock. Run 'pod install' or update your CocoaPods installation.\" >&2\n    exit 1\nfi\n# This output is used by Xcode 'outputs' to avoid re-running this script phase.\necho \"SUCCESS\" > \"${SCRIPT_OUTPUT_FILE_0}\"\n";
			showEnvVarsInLog = 0;
		};
		8A3D8D1C9CB40042C727B583 /* Copy MASShortcut from Pods */ = {
			isa = PBXShellScriptBuildPhase;
			buildActionMask = 2147483647;
			files = (
			);
			inputPaths = (
				"${PODS_CONFIGURATION_BUILD_DIR}/MASShortcut/MASShortcut.framework",
			);
			name = "Copy MASShortcut from Pods";
			outputPaths = (
				"${TARGET_BUILD_DIR}/${UNLOCALIZED_RESOURCES_FOLDER_PATH}/MASShortcut.framework",
			);
			runOnlyForDeploymentPostprocessing = 0;
			shellPath = /bin/sh;
			shellScript = "if [ -e \"${TARGET_BUILD_DIR}/${UNLOCALIZED_RESOURCES_FOLDER_PATH}/../Frameworks/MASShortcut.framework\" ]; then\n  rm -rf \"${TARGET_BUILD_DIR}/${UNLOCALIZED_RESOURCES_FOLDER_PATH}/../Frameworks/MASShortcut.framework\"\nfi\nif [ ! -e \"${TARGET_BUILD_DIR}/${UNLOCALIZED_RESOURCES_FOLDER_PATH}/../Frameworks\" ]; then\n    mkdir -p \"${TARGET_BUILD_DIR}/${UNLOCALIZED_RESOURCES_FOLDER_PATH}/../Frameworks\"\nfi\ncp -R \"${PODS_CONFIGURATION_BUILD_DIR}/MASShortcut/MASShortcut.framework\" \"${TARGET_BUILD_DIR}/${UNLOCALIZED_RESOURCES_FOLDER_PATH}/../Frameworks/MASShortcut.framework\"\n";
			showEnvVarsInLog = 0;
		};
		B93D666453B7EA4F921F9475 /* [CP] Check Pods Manifest.lock */ = {
			isa = PBXShellScriptBuildPhase;
			buildActionMask = 2147483647;
			files = (
			);
			inputPaths = (
				"${PODS_PODFILE_DIR_PATH}/Podfile.lock",
				"${PODS_ROOT}/Manifest.lock",
			);
			name = "[CP] Check Pods Manifest.lock";
			outputPaths = (
				"$(DERIVED_FILE_DIR)/Pods-PreferencesApp-checkManifestLockResult.txt",
			);
			runOnlyForDeploymentPostprocessing = 0;
			shellPath = /bin/sh;
			shellScript = "diff \"${PODS_PODFILE_DIR_PATH}/Podfile.lock\" \"${PODS_ROOT}/Manifest.lock\" > /dev/null\nif [ $? != 0 ] ; then\n    # print error to STDERR\n    echo \"error: The sandbox is not in sync with the Podfile.lock. Run 'pod install' or update your CocoaPods installation.\" >&2\n    exit 1\nfi\n# This output is used by Xcode 'outputs' to avoid re-running this script phase.\necho \"SUCCESS\" > \"${SCRIPT_OUTPUT_FILE_0}\"\n";
			showEnvVarsInLog = 0;
		};
		D411EA0A46AD6D5A12CFE191 /* [CP] Check Pods Manifest.lock */ = {
			isa = PBXShellScriptBuildPhase;
			buildActionMask = 2147483647;
			files = (
			);
			inputPaths = (
				"${PODS_PODFILE_DIR_PATH}/Podfile.lock",
				"${PODS_ROOT}/Manifest.lock",
			);
			name = "[CP] Check Pods Manifest.lock";
			outputPaths = (
				"$(DERIVED_FILE_DIR)/Pods-OSXTests-checkManifestLockResult.txt",
			);
			runOnlyForDeploymentPostprocessing = 0;
			shellPath = /bin/sh;
			shellScript = "diff \"${PODS_PODFILE_DIR_PATH}/Podfile.lock\" \"${PODS_ROOT}/Manifest.lock\" > /dev/null\nif [ $? != 0 ] ; then\n    # print error to STDERR\n    echo \"error: The sandbox is not in sync with the Podfile.lock. Run 'pod install' or update your CocoaPods installation.\" >&2\n    exit 1\nfi\n# This output is used by Xcode 'outputs' to avoid re-running this script phase.\necho \"SUCCESS\" > \"${SCRIPT_OUTPUT_FILE_0}\"\n";
			showEnvVarsInLog = 0;
		};
		D6A0081C4D143DFDA8D1BCD4 /* [CP] Check Pods Manifest.lock */ = {
			isa = PBXShellScriptBuildPhase;
			buildActionMask = 2147483647;
			files = (
			);
			inputPaths = (
				"${PODS_PODFILE_DIR_PATH}/Podfile.lock",
				"${PODS_ROOT}/Manifest.lock",
			);
			name = "[CP] Check Pods Manifest.lock";
			outputPaths = (
				"$(DERIVED_FILE_DIR)/Pods-OSX-checkManifestLockResult.txt",
			);
			runOnlyForDeploymentPostprocessing = 0;
			shellPath = /bin/sh;
			shellScript = "diff \"${PODS_PODFILE_DIR_PATH}/Podfile.lock\" \"${PODS_ROOT}/Manifest.lock\" > /dev/null\nif [ $? != 0 ] ; then\n    # print error to STDERR\n    echo \"error: The sandbox is not in sync with the Podfile.lock. Run 'pod install' or update your CocoaPods installation.\" >&2\n    exit 1\nfi\n# This output is used by Xcode 'outputs' to avoid re-running this script phase.\necho \"SUCCESS\" > \"${SCRIPT_OUTPUT_FILE_0}\"\n";
			showEnvVarsInLog = 0;
		};
		FF731DA68ABE84003384699B /* [CP] Embed Pods Frameworks */ = {
			isa = PBXShellScriptBuildPhase;
			buildActionMask = 2147483647;
			files = (
			);
			inputPaths = (
				"${PODS_ROOT}/Target Support Files/Pods-PreferencesApp/Pods-PreferencesApp-frameworks.sh",
				"${BUILT_PRODUCTS_DIR}/MASShortcut/MASShortcut.framework",
			);
			name = "[CP] Embed Pods Frameworks";
			outputPaths = (
				"${TARGET_BUILD_DIR}/${FRAMEWORKS_FOLDER_PATH}/MASShortcut.framework",
			);
			runOnlyForDeploymentPostprocessing = 0;
			shellPath = /bin/sh;
			shellScript = "\"${PODS_ROOT}/Target Support Files/Pods-PreferencesApp/Pods-PreferencesApp-frameworks.sh\"\n";
			showEnvVarsInLog = 0;
		};
/* End PBXShellScriptBuildPhase section */

/* Begin PBXSourcesBuildPhase section */
		38162DEF141263270077AA2D /* Sources */ = {
			isa = PBXSourcesBuildPhase;
			buildActionMask = 2147483647;
			files = (
				38C2AE4D208795E700FE211A /* GureumConfiguration.swift in Sources */,
				38EE977B1A00148D00AD19B8 /* TISInputSource.m in Sources */,
				E5A0EA0A2139098800D4AD69 /* GureumAppDelegate.swift in Sources */,
				E54B8382214299EB00527218 /* GureumComposer.swift in Sources */,
				38D3E42B21213E9700751191 /* HangulComposer.swift in Sources */,
				878898012160AA6E00BF5770 /* CIMInputManager.swift in Sources */,
				38F85961215BD27000CD80AE /* main.swift in Sources */,
				38162E0E141264EB0077AA2D /* CIMInputHandler.m in Sources */,
				E5D234EF2141260E00595FA0 /* CIMApplicationDelegate.swift in Sources */,
				38162E0F141264EB0077AA2D /* HanjaComposer.m in Sources */,
				38699DC21F36191500FD093E /* RomanComposer.swift in Sources */,
				38162E1514126ACE0077AA2D /* CIMComposer.m in Sources */,
				E5BB72CD214A788100E35558 /* CIMInputController.swift in Sources */,
				38FA21DD14230E2E00444D67 /* CIMInputController.m in Sources */,
				E5ED2DE4213030B700BD9B13 /* CIMInputControllerGureum.swift in Sources */,
				FC158A0B213A847D00E4ABAC /* CIMBaseComposer.swift in Sources */,
				388534FD213A740600885C87 /* IOKitUtility.swift in Sources */,
				387A47461688419800EB5943 /* CIMCommon.m in Sources */,
			);
			runOnlyForDeploymentPostprocessing = 0;
		};
		382E685F1A1314D900031D1D /* Sources */ = {
			isa = PBXSourcesBuildPhase;
			buildActionMask = 2147483647;
			files = (
				381CA2EF1FCE16EA00DDB81D /* Preferences.swift in Sources */,
				381228DB208D869B00BB7D5D /* GureumConfiguration.swift in Sources */,
			);
			runOnlyForDeploymentPostprocessing = 0;
		};
		386ECB7B21537DE70060D9BE /* Sources */ = {
			isa = PBXSourcesBuildPhase;
			buildActionMask = 2147483647;
			files = (
				386ECB8421537DE70060D9BE /* TestWindowController.swift in Sources */,
				386ECB8221537DE70060D9BE /* AppDelegate.swift in Sources */,
			);
			runOnlyForDeploymentPostprocessing = 0;
		};
		38BFE7F618B45419004B2B2E /* Sources */ = {
			isa = PBXSourcesBuildPhase;
			buildActionMask = 2147483647;
			files = (
				A3BAAE0C2160C6FC0076C66D /* GureumTests.swift in Sources */,
				38BFE80418B45419004B2B2E /* GureumTests.m in Sources */,
				38BFE82118B4F181004B2B2E /* GureumMockObjects.m in Sources */,
			);
			runOnlyForDeploymentPostprocessing = 0;
		};
/* End PBXSourcesBuildPhase section */

/* Begin PBXTargetDependency section */
		382AF2CA2156284200701F90 /* PBXTargetDependency */ = {
			isa = PBXTargetDependency;
			target = 38E9024821344637005DF76A /* ScriptSupport */;
			targetProxy = 382AF2C92156284200701F90 /* PBXContainerItemProxy */;
		};
		382AF2CE2156284800701F90 /* PBXTargetDependency */ = {
			isa = PBXTargetDependency;
			target = 38E9024821344637005DF76A /* ScriptSupport */;
			targetProxy = 382AF2CD2156284800701F90 /* PBXContainerItemProxy */;
		};
		382E68751A13153300031D1D /* PBXTargetDependency */ = {
			isa = PBXTargetDependency;
			target = 382E68631A1314D900031D1D /* Preferences */;
			targetProxy = 382E68741A13153300031D1D /* PBXContainerItemProxy */;
		};
		389A398414234B5600A2ED88 /* PBXTargetDependency */ = {
			isa = PBXTargetDependency;
			name = Hangul;
			targetProxy = 389A398314234B5600A2ED88 /* PBXContainerItemProxy */;
		};
		38BFE80718B45419004B2B2E /* PBXTargetDependency */ = {
			isa = PBXTargetDependency;
			target = 38162DF2141263270077AA2D /* OSX */;
			targetProxy = 38BFE80618B45419004B2B2E /* PBXContainerItemProxy */;
		};
		38F85968215BF4A600CD80AE /* PBXTargetDependency */ = {
			isa = PBXTargetDependency;
			target = 382E68631A1314D900031D1D /* Preferences */;
			targetProxy = 38F85967215BF4A600CD80AE /* PBXContainerItemProxy */;
		};
/* End PBXTargetDependency section */

/* Begin PBXVariantGroup section */
		38162DF9141263280077AA2D /* InfoPlist.strings */ = {
			isa = PBXVariantGroup;
			children = (
				38162DFA141263280077AA2D /* en */,
				38162E451412866F0077AA2D /* ko */,
			);
			name = InfoPlist.strings;
			sourceTree = "<group>";
		};
		382E686E1A1314D900031D1D /* Preferences.xib */ = {
			isa = PBXVariantGroup;
			children = (
				382E686F1A1314D900031D1D /* Base */,
			);
			name = Preferences.xib;
			sourceTree = "<group>";
		};
		386ECB8721537DEA0060D9BE /* Main.storyboard */ = {
			isa = PBXVariantGroup;
			children = (
				386ECB8821537DEA0060D9BE /* Base */,
			);
			name = Main.storyboard;
			sourceTree = "<group>";
		};
		38BFE80018B45419004B2B2E /* InfoPlist.strings */ = {
			isa = PBXVariantGroup;
			children = (
				38BFE80118B45419004B2B2E /* en */,
			);
			name = InfoPlist.strings;
			sourceTree = "<group>";
		};
/* End PBXVariantGroup section */

/* Begin XCBuildConfiguration section */
		38162E09141263280077AA2D /* Debug */ = {
			isa = XCBuildConfiguration;
			baseConfigurationReference = 4CAB632CA8BB927B15D0FF2A /* Pods-OSX.debug.xcconfig */;
			buildSettings = {
				ASSETCATALOG_COMPILER_APPICON_NAME = AppIcon;
				CODE_SIGN_ENTITLEMENTS = OSX/Gureum.entitlements;
				GCC_ENABLE_OBJC_EXCEPTIONS = YES;
				GCC_PRECOMPILE_PREFIX_HEADER = YES;
				GCC_PREFIX_HEADER = OSX/Prefix.pch;
				GCC_SYMBOLS_PRIVATE_EXTERN = NO;
				INFOPLIST_FILE = OSX/Info.plist;
				INSTALL_PATH = "$(LOCAL_LIBRARY_DIR)/Input Methods";
				LD_RUNPATH_SEARCH_PATHS = "$(inherited) @executable_path/../Frameworks";
				PRODUCT_BUNDLE_IDENTIFIER = org.youknowone.inputmethod.Gureum;
				PRODUCT_NAME = Gureum;
				SDKROOT = macosx;
				SWIFT_OBJC_BRIDGING_HEADER = OSX/Bridge.h;
				WRAPPER_EXTENSION = app;
			};
			name = Debug;
		};
		38162E0A141263280077AA2D /* Release */ = {
			isa = XCBuildConfiguration;
			baseConfigurationReference = 60EF36B9B3B06EE1D160329E /* Pods-OSX.release.xcconfig */;
			buildSettings = {
				ASSETCATALOG_COMPILER_APPICON_NAME = AppIcon;
				CODE_SIGN_ENTITLEMENTS = OSX/Gureum.entitlements;
				DEVELOPMENT_TEAM = "";
				GCC_ENABLE_OBJC_EXCEPTIONS = YES;
				GCC_PRECOMPILE_PREFIX_HEADER = YES;
				GCC_PREFIX_HEADER = OSX/Prefix.pch;
				GCC_SYMBOLS_PRIVATE_EXTERN = NO;
				INFOPLIST_FILE = OSX/Info.plist;
				INSTALL_PATH = "$(LOCAL_LIBRARY_DIR)/Input Methods";
				LD_RUNPATH_SEARCH_PATHS = "$(inherited) @executable_path/../Frameworks";
				PRODUCT_BUNDLE_IDENTIFIER = org.youknowone.inputmethod.Gureum;
				PRODUCT_NAME = Gureum;
				SDKROOT = macosx;
				SWIFT_OBJC_BRIDGING_HEADER = OSX/Bridge.h;
				WRAPPER_EXTENSION = app;
			};
			name = Release;
		};
		382E68721A1314D900031D1D /* Debug */ = {
			isa = XCBuildConfiguration;
			baseConfigurationReference = AAD6EEADFFF6686CFD8D71FD /* Pods-Preferences.debug.xcconfig */;
			buildSettings = {
				ALWAYS_EMBED_SWIFT_STANDARD_LIBRARIES = YES;
				CODE_SIGN_ENTITLEMENTS = OSX/Gureum.entitlements;
				COMBINE_HIDPI_IMAGES = YES;
				GCC_SYMBOLS_PRIVATE_EXTERN = NO;
				INFOPLIST_FILE = Preferences/Info.plist;
				LD_RUNPATH_SEARCH_PATHS = "$(inherited) @executable_path/../Frameworks @loader_path/../Frameworks";
				MTL_ENABLE_DEBUG_INFO = YES;
				PRODUCT_BUNDLE_IDENTIFIER = org.youknowone.inputmethod.Korean.Preferences;
				PRODUCT_MODULE_NAME = GureumPreferences;
				PRODUCT_NAME = "${TARGET_NAME}";
				SDKROOT = macosx;
				SWIFT_OBJC_BRIDGING_HEADER = "Preferences/Preferences-Bridging-Header.h";
				SWIFT_OPTIMIZATION_LEVEL = "-Onone";
				WRAPPER_EXTENSION = prefPane;
			};
			name = Debug;
		};
		382E68731A1314D900031D1D /* Release */ = {
			isa = XCBuildConfiguration;
			baseConfigurationReference = 8DDF3209586DA50868B852BE /* Pods-Preferences.release.xcconfig */;
			buildSettings = {
				ALWAYS_EMBED_SWIFT_STANDARD_LIBRARIES = YES;
				CODE_SIGN_ENTITLEMENTS = OSX/Gureum.entitlements;
				COMBINE_HIDPI_IMAGES = YES;
				DEVELOPMENT_TEAM = "";
				INFOPLIST_FILE = Preferences/Info.plist;
				LD_RUNPATH_SEARCH_PATHS = "$(inherited) @executable_path/../Frameworks @loader_path/../Frameworks";
				MTL_ENABLE_DEBUG_INFO = NO;
				PRODUCT_BUNDLE_IDENTIFIER = org.youknowone.inputmethod.Korean.Preferences;
				PRODUCT_MODULE_NAME = GureumPreferences;
				PRODUCT_NAME = "${TARGET_NAME}";
				SDKROOT = macosx;
				SWIFT_OBJC_BRIDGING_HEADER = "Preferences/Preferences-Bridging-Header.h";
				WRAPPER_EXTENSION = prefPane;
			};
			name = Release;
		};
		386ECBA221537DEA0060D9BE /* Debug */ = {
			isa = XCBuildConfiguration;
			baseConfigurationReference = 0130E800FFCE9947A2681B1A /* Pods-PreferencesApp.debug.xcconfig */;
			buildSettings = {
				ASSETCATALOG_COMPILER_APPICON_NAME = AppIcon;
				CODE_SIGN_ENTITLEMENTS = PreferencesApp/PreferencesApp.entitlements;
				GCC_SYMBOLS_PRIVATE_EXTERN = NO;
				INFOPLIST_FILE = PreferencesApp/Info.plist;
				LD_RUNPATH_SEARCH_PATHS = "$(inherited) @executable_path/../Frameworks @loader_path/../Frameworks";
				PRODUCT_BUNDLE_IDENTIFIER = org.youknowone.gureum.PreferencesApp;
				PRODUCT_NAME = "$(TARGET_NAME)";
				SDKROOT = macosx;
				SWIFT_OBJC_BRIDGING_HEADER = "PreferencesApp/PreferencesApp-Bridging-Header.h";
			};
			name = Debug;
		};
		386ECBA321537DEA0060D9BE /* Release */ = {
			isa = XCBuildConfiguration;
			baseConfigurationReference = 8837333857ED65F9D5DAD88B /* Pods-PreferencesApp.release.xcconfig */;
			buildSettings = {
				ASSETCATALOG_COMPILER_APPICON_NAME = AppIcon;
				CODE_SIGN_ENTITLEMENTS = PreferencesApp/PreferencesApp.entitlements;
				GCC_SYMBOLS_PRIVATE_EXTERN = NO;
				INFOPLIST_FILE = PreferencesApp/Info.plist;
				LD_RUNPATH_SEARCH_PATHS = "$(inherited) @executable_path/../Frameworks @loader_path/../Frameworks";
				PRODUCT_BUNDLE_IDENTIFIER = org.youknowone.gureum.PreferencesApp;
				PRODUCT_NAME = "$(TARGET_NAME)";
				SDKROOT = macosx;
				SWIFT_OBJC_BRIDGING_HEADER = "PreferencesApp/PreferencesApp-Bridging-Header.h";
			};
			name = Release;
		};
		38863C55140E62D100A8ED76 /* Debug */ = {
			isa = XCBuildConfiguration;
			baseConfigurationReference = 388FD02A175EDB5500469B76 /* Version.xcconfig */;
			buildSettings = {
				ALWAYS_EMBED_SWIFT_STANDARD_LIBRARIES = NO;
				ALWAYS_SEARCH_USER_PATHS = NO;
				CLANG_ANALYZER_LOCALIZABILITY_NONLOCALIZED = YES;
				CLANG_ANALYZER_NONNULL = YES;
				CLANG_ANALYZER_NUMBER_OBJECT_CONVERSION = YES_AGGRESSIVE;
				CLANG_CXX_LANGUAGE_STANDARD = "c++17";
				CLANG_CXX_LIBRARY = "libc++";
				CLANG_ENABLE_MODULES = YES;
				CLANG_ENABLE_OBJC_ARC = YES;
				CLANG_ENABLE_OBJC_WEAK = YES;
				CLANG_WARN_BLOCK_CAPTURE_AUTORELEASING = YES;
				CLANG_WARN_BOOL_CONVERSION = YES;
				CLANG_WARN_COMMA = YES;
				CLANG_WARN_CONSTANT_CONVERSION = YES;
				CLANG_WARN_DEPRECATED_OBJC_IMPLEMENTATIONS = YES;
				CLANG_WARN_DIRECT_OBJC_ISA_USAGE = YES_ERROR;
				CLANG_WARN_DOCUMENTATION_COMMENTS = YES;
				CLANG_WARN_EMPTY_BODY = YES;
				CLANG_WARN_ENUM_CONVERSION = YES;
				CLANG_WARN_INFINITE_RECURSION = YES;
				CLANG_WARN_INT_CONVERSION = YES;
				CLANG_WARN_NON_LITERAL_NULL_CONVERSION = YES;
				CLANG_WARN_OBJC_IMPLICIT_RETAIN_SELF = YES;
				CLANG_WARN_OBJC_LITERAL_CONVERSION = YES;
				CLANG_WARN_OBJC_ROOT_CLASS = YES_ERROR;
				CLANG_WARN_RANGE_LOOP_ANALYSIS = YES;
				CLANG_WARN_STRICT_PROTOTYPES = YES;
				CLANG_WARN_SUSPICIOUS_MOVE = YES;
				CLANG_WARN_UNGUARDED_AVAILABILITY = YES_AGGRESSIVE;
				CLANG_WARN_UNREACHABLE_CODE = YES;
				CLANG_WARN__DUPLICATE_METHOD_MATCH = YES;
				COMBINE_HIDPI_IMAGES = YES;
				COPY_PHASE_STRIP = NO;
				DEBUG_INFORMATION_FORMAT = "dwarf-with-dsym";
				ENABLE_STRICT_OBJC_MSGSEND = YES;
				ENABLE_TESTABILITY = YES;
				GCC_C_LANGUAGE_STANDARD = c11;
				GCC_NO_COMMON_BLOCKS = YES;
				GCC_OPTIMIZATION_LEVEL = 0;
				GCC_PREPROCESSOR_DEFINITIONS = DEBUG;
				GCC_VERSION = com.apple.compilers.llvm.clang.1_0;
				GCC_WARN_64_TO_32_BIT_CONVERSION = YES;
				GCC_WARN_ABOUT_RETURN_TYPE = YES_ERROR;
				GCC_WARN_UNDECLARED_SELECTOR = YES;
				GCC_WARN_UNINITIALIZED_AUTOS = YES_AGGRESSIVE;
				GCC_WARN_UNUSED_FUNCTION = YES;
				GCC_WARN_UNUSED_VARIABLE = YES;
				HEADER_SEARCH_PATHS = "$(PROJECT_DIR)";
				MACOSX_DEPLOYMENT_TARGET = 10.10;
				MTL_ENABLE_DEBUG_INFO = YES;
				ONLY_ACTIVE_ARCH = YES;
				STRINGS_FILE_OUTPUT_ENCODING = "UTF-8";
				SWIFT_ACTIVE_COMPILATION_CONDITIONS = DEBUG;
				SWIFT_OPTIMIZATION_LEVEL = "-Onone";
				SWIFT_VERSION = 4.2;
			};
			name = Debug;
		};
		38863C56140E62D100A8ED76 /* Release */ = {
			isa = XCBuildConfiguration;
			baseConfigurationReference = 388FD02A175EDB5500469B76 /* Version.xcconfig */;
			buildSettings = {
				ALWAYS_EMBED_SWIFT_STANDARD_LIBRARIES = NO;
				ALWAYS_SEARCH_USER_PATHS = NO;
				CLANG_ANALYZER_LOCALIZABILITY_NONLOCALIZED = YES;
				CLANG_ANALYZER_NONNULL = YES;
				CLANG_ANALYZER_NUMBER_OBJECT_CONVERSION = YES_AGGRESSIVE;
				CLANG_CXX_LANGUAGE_STANDARD = "c++17";
				CLANG_CXX_LIBRARY = "libc++";
				CLANG_ENABLE_MODULES = YES;
				CLANG_ENABLE_OBJC_ARC = YES;
				CLANG_ENABLE_OBJC_WEAK = YES;
				CLANG_WARN_BLOCK_CAPTURE_AUTORELEASING = YES;
				CLANG_WARN_BOOL_CONVERSION = YES;
				CLANG_WARN_COMMA = YES;
				CLANG_WARN_CONSTANT_CONVERSION = YES;
				CLANG_WARN_DEPRECATED_OBJC_IMPLEMENTATIONS = YES;
				CLANG_WARN_DIRECT_OBJC_ISA_USAGE = YES_ERROR;
				CLANG_WARN_DOCUMENTATION_COMMENTS = YES;
				CLANG_WARN_EMPTY_BODY = YES;
				CLANG_WARN_ENUM_CONVERSION = YES;
				CLANG_WARN_INFINITE_RECURSION = YES;
				CLANG_WARN_INT_CONVERSION = YES;
				CLANG_WARN_NON_LITERAL_NULL_CONVERSION = YES;
				CLANG_WARN_OBJC_IMPLICIT_RETAIN_SELF = YES;
				CLANG_WARN_OBJC_LITERAL_CONVERSION = YES;
				CLANG_WARN_OBJC_ROOT_CLASS = YES_ERROR;
				CLANG_WARN_RANGE_LOOP_ANALYSIS = YES;
				CLANG_WARN_STRICT_PROTOTYPES = YES;
				CLANG_WARN_SUSPICIOUS_MOVE = YES;
				CLANG_WARN_UNGUARDED_AVAILABILITY = YES_AGGRESSIVE;
				CLANG_WARN_UNREACHABLE_CODE = YES;
				CLANG_WARN__DUPLICATE_METHOD_MATCH = YES;
				CODE_SIGN_IDENTITY = "Mac Developer";
				COMBINE_HIDPI_IMAGES = YES;
				DEBUG_INFORMATION_FORMAT = "dwarf-with-dsym";
				DEVELOPMENT_TEAM = 9384JEL3M9;
				ENABLE_NS_ASSERTIONS = NO;
				ENABLE_STRICT_OBJC_MSGSEND = YES;
				GCC_C_LANGUAGE_STANDARD = c11;
				GCC_NO_COMMON_BLOCKS = YES;
				GCC_PREPROCESSOR_DEFINITIONS = NDEBUG;
				GCC_VERSION = com.apple.compilers.llvm.clang.1_0;
				GCC_WARN_64_TO_32_BIT_CONVERSION = YES;
				GCC_WARN_ABOUT_RETURN_TYPE = YES_ERROR;
				GCC_WARN_UNDECLARED_SELECTOR = YES;
				GCC_WARN_UNINITIALIZED_AUTOS = YES_AGGRESSIVE;
				GCC_WARN_UNUSED_FUNCTION = YES;
				GCC_WARN_UNUSED_VARIABLE = YES;
				HEADER_SEARCH_PATHS = "$(PROJECT_DIR)";
				MACOSX_DEPLOYMENT_TARGET = 10.10;
				MTL_ENABLE_DEBUG_INFO = NO;
				STRINGS_FILE_OUTPUT_ENCODING = "UTF-8";
				SWIFT_OPTIMIZATION_LEVEL = "-Owholemodule";
				SWIFT_VERSION = 4.2;
			};
			name = Release;
		};
		38BFE80918B45419004B2B2E /* Debug */ = {
			isa = XCBuildConfiguration;
			baseConfigurationReference = AEB490519C2C18CA988A9B83 /* Pods-OSXTests.debug.xcconfig */;
			buildSettings = {
				ALWAYS_SEARCH_USER_PATHS = NO;
				BUNDLE_LOADER = "$(BUILT_PRODUCTS_DIR)/Gureum.app/Contents/MacOS/Gureum";
				COMBINE_HIDPI_IMAGES = YES;
				FRAMEWORK_SEARCH_PATHS = (
					"$(DEVELOPER_FRAMEWORKS_DIR)",
					"$(inherited)",
				);
				GCC_ENABLE_OBJC_EXCEPTIONS = YES;
				GCC_SYMBOLS_PRIVATE_EXTERN = NO;
				HEADER_SEARCH_PATHS = (
					"$(inherited)",
					"${CONFIGURATION_TEMP_DIR}/OSX.build/DerivedSources",
				);
				INFOPLIST_FILE = "GureumTests/GureumTests-Info.plist";
				LD_RUNPATH_SEARCH_PATHS = "$(inherited) @executable_path/../Frameworks @loader_path/../Frameworks";
				OTHER_LDFLAGS = (
					"$(inherited)",
					"-ObjC",
					"-framework",
					"\"Cocoa\"",
				);
				PRODUCT_BUNDLE_IDENTIFIER = "org.youknowone.${PRODUCT_NAME:rfc1034identifier}";
				PRODUCT_NAME = "$(TARGET_NAME)";
				SDKROOT = macosx;
				SWIFT_OBJC_BRIDGING_HEADER = GureumTests/Bridge.h;
				SWIFT_VERSION = 4.0;
				TEST_HOST = "$(BUNDLE_LOADER)";
				WRAPPER_EXTENSION = xctest;
			};
			name = Debug;
		};
		38BFE80A18B45419004B2B2E /* Release */ = {
			isa = XCBuildConfiguration;
			baseConfigurationReference = 4F1238C7C58357731B8AE5B9 /* Pods-OSXTests.release.xcconfig */;
			buildSettings = {
				ALWAYS_SEARCH_USER_PATHS = NO;
				BUNDLE_LOADER = "$(BUILT_PRODUCTS_DIR)/Gureum.app/Contents/MacOS/Gureum";
				COMBINE_HIDPI_IMAGES = YES;
				FRAMEWORK_SEARCH_PATHS = (
					"$(DEVELOPER_FRAMEWORKS_DIR)",
					"$(inherited)",
				);
				GCC_ENABLE_OBJC_EXCEPTIONS = YES;
				HEADER_SEARCH_PATHS = (
					"$(inherited)",
					"${CONFIGURATION_TEMP_DIR}/OSX.build/DerivedSources",
				);
				INFOPLIST_FILE = "GureumTests/GureumTests-Info.plist";
				LD_RUNPATH_SEARCH_PATHS = "$(inherited) @executable_path/../Frameworks @loader_path/../Frameworks";
				OTHER_LDFLAGS = (
					"$(inherited)",
					"-ObjC",
					"-framework",
					"\"Cocoa\"",
				);
				PRODUCT_BUNDLE_IDENTIFIER = "org.youknowone.${PRODUCT_NAME:rfc1034identifier}";
				PRODUCT_NAME = "$(TARGET_NAME)";
				SDKROOT = macosx;
				SWIFT_OBJC_BRIDGING_HEADER = GureumTests/Bridge.h;
				SWIFT_VERSION = 4.0;
				TEST_HOST = "$(BUNDLE_LOADER)";
				WRAPPER_EXTENSION = xctest;
			};
			name = Release;
		};
		38E9024921344637005DF76A /* Debug */ = {
			isa = XCBuildConfiguration;
			buildSettings = {
				INSTALL_PATH = "$(LOCAL_LIBRARY_DIR)/Input Methods";
				PRODUCT_NAME = Gureum;
			};
			name = Debug;
		};
		38E9024A21344637005DF76A /* Release */ = {
			isa = XCBuildConfiguration;
			buildSettings = {
				INSTALL_PATH = "$(LOCAL_LIBRARY_DIR)/Input Methods";
				PRODUCT_NAME = Gureum;
			};
			name = Release;
		};
/* End XCBuildConfiguration section */

/* Begin XCConfigurationList section */
		38162E08141263280077AA2D /* Build configuration list for PBXNativeTarget "OSX" */ = {
			isa = XCConfigurationList;
			buildConfigurations = (
				38162E09141263280077AA2D /* Debug */,
				38162E0A141263280077AA2D /* Release */,
			);
			defaultConfigurationIsVisible = 0;
			defaultConfigurationName = Release;
		};
		382E68711A1314D900031D1D /* Build configuration list for PBXNativeTarget "Preferences" */ = {
			isa = XCConfigurationList;
			buildConfigurations = (
				382E68721A1314D900031D1D /* Debug */,
				382E68731A1314D900031D1D /* Release */,
			);
			defaultConfigurationIsVisible = 0;
			defaultConfigurationName = Release;
		};
		386ECBAA21537DEA0060D9BE /* Build configuration list for PBXNativeTarget "PreferencesApp" */ = {
			isa = XCConfigurationList;
			buildConfigurations = (
				386ECBA221537DEA0060D9BE /* Debug */,
				386ECBA321537DEA0060D9BE /* Release */,
			);
			defaultConfigurationIsVisible = 0;
			defaultConfigurationName = Release;
		};
		38863C53140E62D100A8ED76 /* Build configuration list for PBXProject "Gureum" */ = {
			isa = XCConfigurationList;
			buildConfigurations = (
				38863C55140E62D100A8ED76 /* Debug */,
				38863C56140E62D100A8ED76 /* Release */,
			);
			defaultConfigurationIsVisible = 0;
			defaultConfigurationName = Release;
		};
		38BFE80818B45419004B2B2E /* Build configuration list for PBXNativeTarget "OSXTests" */ = {
			isa = XCConfigurationList;
			buildConfigurations = (
				38BFE80918B45419004B2B2E /* Debug */,
				38BFE80A18B45419004B2B2E /* Release */,
			);
			defaultConfigurationIsVisible = 0;
			defaultConfigurationName = Release;
		};
		38E9024D21344637005DF76A /* Build configuration list for PBXAggregateTarget "ScriptSupport" */ = {
			isa = XCConfigurationList;
			buildConfigurations = (
				38E9024921344637005DF76A /* Debug */,
				38E9024A21344637005DF76A /* Release */,
			);
			defaultConfigurationIsVisible = 0;
			defaultConfigurationName = Release;
		};
/* End XCConfigurationList section */
	};
	rootObject = 38863C50140E62D100A8ED76 /* Project object */;
}
